
Microsoft Visual Studio Solution File, Format Version 12.00
# Visual Studio 15
VisualStudioVersion = 15.0.27703.2035
MinimumVisualStudioVersion = 10.0.40219.1
Project("{9A19103F-16F7-4668-BE54-9A1E7A4F7556}") = "SFA.DAS.Payments.Core", "SFA.DAS.Payments.Core\SFA.DAS.Payments.Core.csproj", "{F6E38368-C397-488B-B041-D3E8423C1CE1}"
EndProject
Project("{9A19103F-16F7-4668-BE54-9A1E7A4F7556}") = "SFA.DAS.Payments.Messages.Core", "SFA.DAS.Payments.Messages.Core\SFA.DAS.Payments.Messages.Core.csproj", "{678E5D09-C96D-49CC-811F-78DDCB37A474}"
EndProject
Project("{2150E333-8FDC-42A3-9474-1A3956D46DE8}") = "RequiredPayments", "RequiredPayments", "{0CA32AC5-24E0-4D96-9D31-AA51556A64D5}"
EndProject
Project("{2150E333-8FDC-42A3-9474-1A3956D46DE8}") = "Tests", "Tests", "{FCAA3F86-D2C1-43B7-A048-5FE388E4AAA0}"
EndProject
Project("{9A19103F-16F7-4668-BE54-9A1E7A4F7556}") = "SFA.DAS.Payments.RequiredPayments.Application", "SFA.DAS.Payments.RequiredPayments.Application\SFA.DAS.Payments.RequiredPayments.Application.csproj", "{62B63149-AB8F-49AC-9764-168407963192}"
EndProject
Project("{9A19103F-16F7-4668-BE54-9A1E7A4F7556}") = "SFA.DAS.Payments.RequiredPayments.Domain", "SFA.DAS.Payments.RequiredPayments.Domain\SFA.DAS.Payments.RequiredPayments.Domain.csproj", "{F63F1E0D-03B8-447A-910B-D7990D2E480A}"
EndProject
Project("{9A19103F-16F7-4668-BE54-9A1E7A4F7556}") = "SFA.DAS.Payments.RequiredPayments.Model", "SFA.DAS.Payments.RequiredPayments.Model\SFA.DAS.Payments.RequiredPayments.Model.csproj", "{2E8678D2-8E3F-4418-A6C2-ECC241B41F60}"
EndProject
Project("{9A19103F-16F7-4668-BE54-9A1E7A4F7556}") = "SFA.DAS.Payments.RequiredPayments.Messages", "SFA.DAS.Payments.RequiredPayments.Messages\SFA.DAS.Payments.RequiredPayments.Messages.csproj", "{21918F17-1310-4276-BEF5-64243F9E0C31}"
EndProject
Project("{2150E333-8FDC-42A3-9474-1A3956D46DE8}") = "DataLocks", "DataLocks", "{45300BA0-FCE3-41CA-8BC0-FDBFF89352F3}"
EndProject
Project("{2150E333-8FDC-42A3-9474-1A3956D46DE8}") = "EarningEvents", "EarningEvents", "{213651BD-07BA-4A57-B1BE-CF4A649BA069}"
EndProject
Project("{A07B5EB6-E848-4116-A8D0-A826331D98C6}") = "SFA.DAS.Payments.RequiredPayments.ServiceFabric", "SFA.DAS.Payments.RequiredPayments.ServiceFabric\SFA.DAS.Payments.RequiredPayments.ServiceFabric.sfproj", "{8B80DADD-5311-4CA0-9274-9F044A38185E}"
EndProject
Project("{9A19103F-16F7-4668-BE54-9A1E7A4F7556}") = "SFA.DAS.Payments.EarningEvents.Messages", "SFA.DAS.Payments.EarningEvents.Messages\SFA.DAS.Payments.EarningEvents.Messages.csproj", "{07A36781-D09B-4CF9-8D0B-80BB929FE535}"
EndProject
Project("{9A19103F-16F7-4668-BE54-9A1E7A4F7556}") = "SFA.DAS.Payments.RequiredPayments.RequiredPaymentsService", "SFA.DAS.Payments.RequiredPayments.RequiredPaymentsService\SFA.DAS.Payments.RequiredPayments.RequiredPaymentsService.csproj", "{B390568E-DAFF-4ED3-99B6-3914491D4F54}"
EndProject
Project("{9A19103F-16F7-4668-BE54-9A1E7A4F7556}") = "SFA.DAS.Payments.RequiredPayments.RequiredPaymentsService.Interfaces", "SFA.DAS.Payments.RequiredPayments.RequiredPaymentsService.Interfaces\SFA.DAS.Payments.RequiredPayments.RequiredPaymentsService.Interfaces.csproj", "{061DB3B8-47DC-4F5E-9B0C-5370D13A3362}"
EndProject
Project("{9A19103F-16F7-4668-BE54-9A1E7A4F7556}") = "SFA.DAS.Payments.RequiredPayments.RequiredPaymentsProxyService", "SFA.DAS.Payments.RequiredPayments.RequiredPaymentsProxyService\SFA.DAS.Payments.RequiredPayments.RequiredPaymentsProxyService.csproj", "{B6569426-98BA-4BC0-8CD3-737E8316486F}"
EndProject
Project("{FAE04EC0-301F-11D3-BF4B-00C04F79EFBC}") = "SFA.DAS.Payments.RequiredPayments.AcceptanceTests", "SFA.DAS.Payments.RequiredPayments.AcceptanceTests\SFA.DAS.Payments.RequiredPayments.AcceptanceTests.csproj", "{F3DE46FC-6184-42CA-9C84-DA08ED4FFB4C}"
EndProject
Project("{9A19103F-16F7-4668-BE54-9A1E7A4F7556}") = "SFA.DAS.Payments.RequiredPayments.Domain.UnitTests", "SFA.DAS.Payments.RequiredPayments.Domain.UnitTests\SFA.DAS.Payments.RequiredPayments.Domain.UnitTests.csproj", "{F5E5076C-689A-4D3D-B5CB-585E7DC514BE}"
EndProject
Project("{9A19103F-16F7-4668-BE54-9A1E7A4F7556}") = "SFA.DAS.Payments.RequiredPayments.Application.UnitTests", "SFA.DAS.Payments.RequiredPayments.Application.UnitTests\SFA.DAS.Payments.RequiredPayments.Application.UnitTests.csproj", "{A17B6FE2-0A12-46C9-B9DB-866D68557D8D}"
EndProject
Project("{2150E333-8FDC-42A3-9474-1A3956D46DE8}") = "ProviderPayments", "ProviderPayments", "{CE13B0C9-B716-4E9A-9563-95DAD13BD5DF}"
EndProject
Project("{9A19103F-16F7-4668-BE54-9A1E7A4F7556}") = "SFA.DAS.Payments.Application", "SFA.DAS.Payments.Application\SFA.DAS.Payments.Application.csproj", "{23551CD8-7554-4F2C-9B42-A67B9E0C261D}"
EndProject
Project("{9A19103F-16F7-4668-BE54-9A1E7A4F7556}") = "SFA.DAS.Payments.Model.Core", "SFA.DAS.Payments.Model.Core\SFA.DAS.Payments.Model.Core.csproj", "{FAFC16FB-316E-4C83-9F35-D0D36DDCCAF7}"
EndProject
Project("{2150E333-8FDC-42A3-9474-1A3956D46DE8}") = "FundingSource", "FundingSource", "{205CA299-AED1-4F0B-971A-15CCD398A597}"
EndProject
Project("{A07B5EB6-E848-4116-A8D0-A826331D98C6}") = "SFA.DAS.Payments.FundingSource.ServiceFabric", "SFA.DAS.Payments.FundingSource.ServiceFabric\SFA.DAS.Payments.FundingSource.ServiceFabric.sfproj", "{9D21C169-F999-45CD-B181-78437B2D01FD}"
EndProject
Project("{9A19103F-16F7-4668-BE54-9A1E7A4F7556}") = "SFA.DAS.Payments.FundingSource.NonLevyFundedService", "SFA.DAS.Payments.FundingSource.NonLevyFundedService\SFA.DAS.Payments.FundingSource.NonLevyFundedService.csproj", "{9B9BD445-2EFA-4C01-9092-15A54111BE3B}"
EndProject
Project("{2150E333-8FDC-42A3-9474-1A3956D46DE8}") = "Tests", "Tests", "{A5C32B77-E094-43D4-8EBC-7859BE3DB3FA}"
EndProject
Project("{9A19103F-16F7-4668-BE54-9A1E7A4F7556}") = "SFA.DAS.Payments.FundingSource.Domain.UnitTests", "SFA.DAS.Payments.FundingSource.Domain.UnitTests\SFA.DAS.Payments.FundingSource.Domain.UnitTests.csproj", "{34178533-719E-43AF-B1D6-0EF616261F45}"
EndProject
Project("{9A19103F-16F7-4668-BE54-9A1E7A4F7556}") = "SFA.DAS.Payments.FundingSource.Application.UnitTests", "SFA.DAS.Payments.FundingSource.Application.UnitTests\SFA.DAS.Payments.FundingSource.Application.UnitTests.csproj", "{9E632A4C-5335-4E21-9FF6-FFB1F92133A0}"
EndProject
Project("{2150E333-8FDC-42A3-9474-1A3956D46DE8}") = "PaymentsDue", "PaymentsDue", "{4E8FE42B-FEC2-44AD-90C6-AE0B041C9CFD}"
EndProject
Project("{9A19103F-16F7-4668-BE54-9A1E7A4F7556}") = "SFA.DAS.Payments.PaymentsDue.Messages", "SFA.DAS.Payments.PaymentsDue.Messages\SFA.DAS.Payments.PaymentsDue.Messages.csproj", "{58746D22-1336-4EA0-8651-B107471E4035}"
EndProject
Project("{FAE04EC0-301F-11D3-BF4B-00C04F79EFBC}") = "SFA.DAS.Payments.AcceptanceTests.Core", "SFA.DAS.Payments.AcceptanceTests.Core\SFA.DAS.Payments.AcceptanceTests.Core.csproj", "{0F0BEB68-7F9F-4D39-B85A-3FE7701BB6CC}"
EndProject
Project("{9A19103F-16F7-4668-BE54-9A1E7A4F7556}") = "SFA.DAS.Payments.Messages.UnitTests", "SFA.DAS.Payments.Messages.UnitTests\SFA.DAS.Payments.Messages.UnitTests.csproj", "{FC1C8A71-0E0D-4C2F-B262-87998A4714A8}"
EndProject
Project("{9A19103F-16F7-4668-BE54-9A1E7A4F7556}") = "SFA.DAS.Payments.FundingSource.Application", "SFA.DAS.Payments.FundingSource.Application\SFA.DAS.Payments.FundingSource.Application.csproj", "{CDA84663-1871-4464-BB23-E9665F216C49}"
EndProject
Project("{9A19103F-16F7-4668-BE54-9A1E7A4F7556}") = "SFA.DAS.Payments.FundingSource.Domain", "SFA.DAS.Payments.FundingSource.Domain\SFA.DAS.Payments.FundingSource.Domain.csproj", "{853EEF4B-8D82-42D2-89CC-A384BFFF33D3}"
EndProject
Project("{9A19103F-16F7-4668-BE54-9A1E7A4F7556}") = "SFA.DAS.Payments.FundingSource.Messages", "SFA.DAS.Payments.FundingSource.Messages\SFA.DAS.Payments.FundingSource.Messages.csproj", "{43861469-71A2-4128-B35A-FB680F1E8BCA}"
EndProject
Project("{9A19103F-16F7-4668-BE54-9A1E7A4F7556}") = "SFA.DAS.Payments.FundingSource.Model", "SFA.DAS.Payments.FundingSource.Model\SFA.DAS.Payments.FundingSource.Model.csproj", "{906D925F-EDA0-44A6-B276-E32E87230F69}"
EndProject
Project("{A07B5EB6-E848-4116-A8D0-A826331D98C6}") = "SFA.DAS.Payments.ProviderPayments.ServiceFabric", "SFA.DAS.Payments.ProviderPayments.ServiceFabric\SFA.DAS.Payments.ProviderPayments.ServiceFabric.sfproj", "{2555473F-D8BA-4046-85C8-9A97F58CA87E}"
EndProject
Project("{9A19103F-16F7-4668-BE54-9A1E7A4F7556}") = "SFA.DAS.Payments.ProviderPayments.ProviderPaymentsService", "SFA.DAS.Payments.ProviderPayments.ProviderPaymentsService\SFA.DAS.Payments.ProviderPayments.ProviderPaymentsService.csproj", "{5AFE0AF0-5AA4-42DF-A3CC-826C839B080B}"
EndProject
Project("{9A19103F-16F7-4668-BE54-9A1E7A4F7556}") = "SFA.DAS.Payments.ProviderPayments.ProviderPaymentsService.Interfaces", "SFA.DAS.Payments.ProviderPayments.ProviderPaymentsService.Interfaces\SFA.DAS.Payments.ProviderPayments.ProviderPaymentsService.Interfaces.csproj", "{AF88EE53-5893-463D-A58C-A06C2AEA2142}"
EndProject
Project("{9A19103F-16F7-4668-BE54-9A1E7A4F7556}") = "SFA.DAS.Payments.ProviderPayments.ProviderPaymentsProxyService", "SFA.DAS.Payments.ProviderPayments.ProviderPaymentsProxyService\SFA.DAS.Payments.ProviderPayments.ProviderPaymentsProxyService.csproj", "{C3EF92C3-6801-4A32-B749-6F543A55C057}"
EndProject
Project("{9A19103F-16F7-4668-BE54-9A1E7A4F7556}") = "SFA.DAS.Payments.ProviderPayments.Application", "SFA.DAS.Payments.ProviderPayments.Application\SFA.DAS.Payments.ProviderPayments.Application.csproj", "{0CADEEC6-9458-4055-BD0D-002C52371E6E}"
EndProject
Project("{9A19103F-16F7-4668-BE54-9A1E7A4F7556}") = "SFA.DAS.Payments.ProviderPayments.Domain", "SFA.DAS.Payments.ProviderPayments.Domain\SFA.DAS.Payments.ProviderPayments.Domain.csproj", "{FF18E687-BC0D-4A9B-9D14-6CFF0799B8C2}"
EndProject
Project("{9A19103F-16F7-4668-BE54-9A1E7A4F7556}") = "SFA.DAS.Payments.ProviderPayments.Messages", "SFA.DAS.Payments.ProviderPayments.Messages\SFA.DAS.Payments.ProviderPayments.Messages.csproj", "{F41ED226-C11E-44C3-825A-C40143F0FEF9}"
EndProject
Project("{9A19103F-16F7-4668-BE54-9A1E7A4F7556}") = "SFA.DAS.Payments.ProviderPayments.Model", "SFA.DAS.Payments.ProviderPayments.Model\SFA.DAS.Payments.ProviderPayments.Model.csproj", "{FC5B5DBC-D0D1-40B5-A5B5-25EA0D4BBDA3}"
EndProject
Project("{2150E333-8FDC-42A3-9474-1A3956D46DE8}") = "Tests", "Tests", "{9407BB49-BBCB-4A56-AD2A-F6BF29441C6F}"
EndProject
Project("{FAE04EC0-301F-11D3-BF4B-00C04F79EFBC}") = "SFA.DAS.Payments.ProviderPayments.AcceptanceTests", "SFA.DAS.Payments.ProviderPayments.AcceptanceTests\SFA.DAS.Payments.ProviderPayments.AcceptanceTests.csproj", "{9C46D571-25F1-4459-A302-23DA2CFEEEAB}"
EndProject
Project("{9A19103F-16F7-4668-BE54-9A1E7A4F7556}") = "SFA.DAS.Payments.ProviderPayments.Application.UnitTests", "SFA.DAS.Payments.ProviderPayments.Application.UnitTests\SFA.DAS.Payments.ProviderPayments.Application.UnitTests.csproj", "{B87045E0-20B4-45F1-8EC9-B0B6A0D9FFBB}"
EndProject
Project("{9A19103F-16F7-4668-BE54-9A1E7A4F7556}") = "SFA.DAS.Payments.ProviderPayments.Domain.UnitTests", "SFA.DAS.Payments.ProviderPayments.Domain.UnitTests\SFA.DAS.Payments.ProviderPayments.Domain.UnitTests.csproj", "{07F37F45-2C22-4BC4-B582-2B5CF98B8999}"
EndProject
Project("{00D1A9C2-B5F0-4AF3-8072-F6C62B433612}") = "SFA.DAS.Payments.Database", "SFA.DAS.Payments.Data\SFA.DAS.Payments.Database.sqlproj", "{A99EDA09-50B8-439D-AFB5-323FEAA5CA4D}"
EndProject
Project("{9A19103F-16F7-4668-BE54-9A1E7A4F7556}") = "SFA.DAS.Payments.PaymentsDue.Model", "SFA.DAS.Payments.PaymentsDue.Model\SFA.DAS.Payments.PaymentsDue.Model.csproj", "{23D1CB38-3511-4CA4-B559-4C2F9E8C3B0E}"
EndProject
Project("{9A19103F-16F7-4668-BE54-9A1E7A4F7556}") = "SFA.DAS.Payments.EarningEvents.Model", "SFA.DAS.Payments.EarningEvents.Model\SFA.DAS.Payments.EarningEvents.Model.csproj", "{4B68975C-D247-4BFC-A186-55FC793D107F}"
EndProject
Project("{9A19103F-16F7-4668-BE54-9A1E7A4F7556}") = "SFA.DAS.Payments.EarningEvents.Domain", "SFA.DAS.Payments.EarningEvents.Domain\SFA.DAS.Payments.EarningEvents.Domain.csproj", "{8AC30CD7-20CC-475E-9BD4-420F7E81E980}"
EndProject
Project("{9A19103F-16F7-4668-BE54-9A1E7A4F7556}") = "SFA.DAS.Payments.EarningEvents.Application", "SFA.DAS.Payments.EarningEvents.Application\SFA.DAS.Payments.EarningEvents.Application.csproj", "{89F379E2-032A-40EC-BDE6-B92EE08BC90F}"
EndProject
Project("{9A19103F-16F7-4668-BE54-9A1E7A4F7556}") = "SFA.DAS.Payments.EarningEvents.EarningEventsService", "SFA.DAS.Payments.EarningEvents.EarningEventsService\SFA.DAS.Payments.EarningEvents.EarningEventsService.csproj", "{8484A105-4240-4CBA-AFB2-C0DA520E52BD}"
EndProject
Project("{A07B5EB6-E848-4116-A8D0-A826331D98C6}") = "SFA.DAS.Payments.EarningEvents.ServiceFabric", "SFA.DAS.Payments.EarningEvents.ServiceFabric\SFA.DAS.Payments.EarningEvents.ServiceFabric.sfproj", "{04E49931-8A26-4CB5-9716-A4253D518F4D}"
EndProject
Project("{2150E333-8FDC-42A3-9474-1A3956D46DE8}") = "Tests", "Tests", "{7435FC0F-53B7-44B4-BE0E-956122B56545}"
EndProject
Project("{FAE04EC0-301F-11D3-BF4B-00C04F79EFBC}") = "SFA.DAS.Payments.EarningEvents.AcceptanceTests", "SFA.DAS.Payments.EarningEvents.AcceptanceTests\SFA.DAS.Payments.EarningEvents.AcceptanceTests.csproj", "{41447292-B1F8-4A53-8807-B433393E9AB4}"
EndProject
Project("{9A19103F-16F7-4668-BE54-9A1E7A4F7556}") = "SFA.DAS.Payments.EarningEvents.Application.UnitTests", "SFA.DAS.Payments.EarningEvents.Application.UnitTests\SFA.DAS.Payments.EarningEvents.Application.UnitTests.csproj", "{EB3326FE-6D98-4B20-93BA-D5480103381B}"
EndProject
Project("{9A19103F-16F7-4668-BE54-9A1E7A4F7556}") = "SFA.DAS.Payments.EarningEvents.Domain.UnitTests", "SFA.DAS.Payments.EarningEvents.Domain.UnitTests\SFA.DAS.Payments.EarningEvents.Domain.UnitTests.csproj", "{E2A82281-3646-4D38-8C6B-FD1FB48479E7}"
EndProject
Project("{2150E333-8FDC-42A3-9474-1A3956D46DE8}") = "Tests", "Tests", "{69BB58AE-057E-4AEB-86CC-B087C1A470BF}"
EndProject
Project("{9A19103F-16F7-4668-BE54-9A1E7A4F7556}") = "SFA.DAS.Payments.PaymentsDue.Domain", "SFA.DAS.Payments.PaymentsDue.Domain\SFA.DAS.Payments.PaymentsDue.Domain.csproj", "{399D7D49-C328-4AE4-A665-4F69893AADF8}"
EndProject
Project("{9A19103F-16F7-4668-BE54-9A1E7A4F7556}") = "SFA.DAS.Payments.PaymentsDue.Application", "SFA.DAS.Payments.PaymentsDue.Application\SFA.DAS.Payments.PaymentsDue.Application.csproj", "{23835876-00D1-43E8-85CD-F1C33DA87FB9}"
EndProject
Project("{9A19103F-16F7-4668-BE54-9A1E7A4F7556}") = "SFA.DAS.Payments.PaymentsDue.PaymentsDueService", "SFA.DAS.Payments.PaymentsDue.PaymentsDueService\SFA.DAS.Payments.PaymentsDue.PaymentsDueService.csproj", "{18010E48-B76B-45E4-AF9C-976A572AC577}"
EndProject
Project("{A07B5EB6-E848-4116-A8D0-A826331D98C6}") = "SFA.DAS.Payments.PaymentsDue.ServiceFabric", "SFA.DAS.Payments.PaymentsDue.ServiceFabric\SFA.DAS.Payments.PaymentsDue.ServiceFabric.sfproj", "{CD90D375-B077-4A29-B5D4-B8BCFBA262A5}"
EndProject
Project("{FAE04EC0-301F-11D3-BF4B-00C04F79EFBC}") = "SFA.DAS.Payments.PaymentsDue.AcceptanceTests", "SFA.DAS.Payments.PaymentsDue.AcceptanceTests\SFA.DAS.Payments.PaymentsDue.AcceptanceTests.csproj", "{F078E47F-A0A2-49B7-8759-35074F540BDD}"
EndProject
Project("{9A19103F-16F7-4668-BE54-9A1E7A4F7556}") = "SFA.DAS.Payments.PaymentsDue.Application.UnitTests", "SFA.DAS.Payments.PaymentsDue.Application.UnitTests\SFA.DAS.Payments.PaymentsDue.Application.UnitTests.csproj", "{4A5C8418-A4DF-4235-853A-703556BC2628}"
EndProject
Project("{9A19103F-16F7-4668-BE54-9A1E7A4F7556}") = "SFA.DAS.Payments.PaymentsDue.Domain.UnitTests", "SFA.DAS.Payments.PaymentsDue.Domain.UnitTests\SFA.DAS.Payments.PaymentsDue.Domain.UnitTests.csproj", "{CD073D67-D147-4EB8-8AB8-FFA0A6A971A0}"
EndProject
Project("{9A19103F-16F7-4668-BE54-9A1E7A4F7556}") = "SFA.DAS.Payments.ServiceFabric.Core", "SFA.DAS.Payments.ServiceFabric.Core\SFA.DAS.Payments.ServiceFabric.Core.csproj", "{06D24626-497E-455A-B38C-83E8334AC5A9}"
EndProject
Project("{FAE04EC0-301F-11D3-BF4B-00C04F79EFBC}") = "SFA.DAS.Payments.FundingSource.AcceptanceTests", "SFA.DAS.Payments.FundingSource.AcceptanceTests\SFA.DAS.Payments.FundingSource.AcceptanceTests.csproj", "{11DFD25F-521A-471B-B3DB-4EA57BE62B55}"
EndProject
Global
	GlobalSection(SolutionConfigurationPlatforms) = preSolution
		Debug|Any CPU = Debug|Any CPU
		Debug|x64 = Debug|x64
		Release|Any CPU = Release|Any CPU
		Release|x64 = Release|x64
	EndGlobalSection
	GlobalSection(ProjectConfigurationPlatforms) = postSolution
		{F6E38368-C397-488B-B041-D3E8423C1CE1}.Debug|Any CPU.ActiveCfg = Debug|Any CPU
		{F6E38368-C397-488B-B041-D3E8423C1CE1}.Debug|Any CPU.Build.0 = Debug|Any CPU
		{F6E38368-C397-488B-B041-D3E8423C1CE1}.Debug|x64.ActiveCfg = Debug|Any CPU
		{F6E38368-C397-488B-B041-D3E8423C1CE1}.Debug|x64.Build.0 = Debug|Any CPU
		{F6E38368-C397-488B-B041-D3E8423C1CE1}.Release|Any CPU.ActiveCfg = Release|Any CPU
		{F6E38368-C397-488B-B041-D3E8423C1CE1}.Release|Any CPU.Build.0 = Release|Any CPU
		{F6E38368-C397-488B-B041-D3E8423C1CE1}.Release|x64.ActiveCfg = Release|Any CPU
		{F6E38368-C397-488B-B041-D3E8423C1CE1}.Release|x64.Build.0 = Release|Any CPU
		{678E5D09-C96D-49CC-811F-78DDCB37A474}.Debug|Any CPU.ActiveCfg = Debug|Any CPU
		{678E5D09-C96D-49CC-811F-78DDCB37A474}.Debug|Any CPU.Build.0 = Debug|Any CPU
		{678E5D09-C96D-49CC-811F-78DDCB37A474}.Debug|x64.ActiveCfg = Debug|Any CPU
		{678E5D09-C96D-49CC-811F-78DDCB37A474}.Debug|x64.Build.0 = Debug|Any CPU
		{678E5D09-C96D-49CC-811F-78DDCB37A474}.Release|Any CPU.ActiveCfg = Release|Any CPU
		{678E5D09-C96D-49CC-811F-78DDCB37A474}.Release|Any CPU.Build.0 = Release|Any CPU
		{678E5D09-C96D-49CC-811F-78DDCB37A474}.Release|x64.ActiveCfg = Release|Any CPU
		{678E5D09-C96D-49CC-811F-78DDCB37A474}.Release|x64.Build.0 = Release|Any CPU
		{62B63149-AB8F-49AC-9764-168407963192}.Debug|Any CPU.ActiveCfg = Debug|Any CPU
		{62B63149-AB8F-49AC-9764-168407963192}.Debug|Any CPU.Build.0 = Debug|Any CPU
		{62B63149-AB8F-49AC-9764-168407963192}.Debug|x64.ActiveCfg = Debug|Any CPU
		{62B63149-AB8F-49AC-9764-168407963192}.Debug|x64.Build.0 = Debug|Any CPU
		{62B63149-AB8F-49AC-9764-168407963192}.Release|Any CPU.ActiveCfg = Release|Any CPU
		{62B63149-AB8F-49AC-9764-168407963192}.Release|Any CPU.Build.0 = Release|Any CPU
		{62B63149-AB8F-49AC-9764-168407963192}.Release|x64.ActiveCfg = Release|Any CPU
		{62B63149-AB8F-49AC-9764-168407963192}.Release|x64.Build.0 = Release|Any CPU
		{F63F1E0D-03B8-447A-910B-D7990D2E480A}.Debug|Any CPU.ActiveCfg = Debug|Any CPU
		{F63F1E0D-03B8-447A-910B-D7990D2E480A}.Debug|Any CPU.Build.0 = Debug|Any CPU
		{F63F1E0D-03B8-447A-910B-D7990D2E480A}.Debug|x64.ActiveCfg = Debug|Any CPU
		{F63F1E0D-03B8-447A-910B-D7990D2E480A}.Debug|x64.Build.0 = Debug|Any CPU
		{F63F1E0D-03B8-447A-910B-D7990D2E480A}.Release|Any CPU.ActiveCfg = Release|Any CPU
		{F63F1E0D-03B8-447A-910B-D7990D2E480A}.Release|Any CPU.Build.0 = Release|Any CPU
		{F63F1E0D-03B8-447A-910B-D7990D2E480A}.Release|x64.ActiveCfg = Release|Any CPU
		{F63F1E0D-03B8-447A-910B-D7990D2E480A}.Release|x64.Build.0 = Release|Any CPU
		{2E8678D2-8E3F-4418-A6C2-ECC241B41F60}.Debug|Any CPU.ActiveCfg = Debug|Any CPU
		{2E8678D2-8E3F-4418-A6C2-ECC241B41F60}.Debug|Any CPU.Build.0 = Debug|Any CPU
		{2E8678D2-8E3F-4418-A6C2-ECC241B41F60}.Debug|x64.ActiveCfg = Debug|Any CPU
		{2E8678D2-8E3F-4418-A6C2-ECC241B41F60}.Debug|x64.Build.0 = Debug|Any CPU
		{2E8678D2-8E3F-4418-A6C2-ECC241B41F60}.Release|Any CPU.ActiveCfg = Release|Any CPU
		{2E8678D2-8E3F-4418-A6C2-ECC241B41F60}.Release|Any CPU.Build.0 = Release|Any CPU
		{2E8678D2-8E3F-4418-A6C2-ECC241B41F60}.Release|x64.ActiveCfg = Release|Any CPU
		{2E8678D2-8E3F-4418-A6C2-ECC241B41F60}.Release|x64.Build.0 = Release|Any CPU
		{21918F17-1310-4276-BEF5-64243F9E0C31}.Debug|Any CPU.ActiveCfg = Debug|Any CPU
		{21918F17-1310-4276-BEF5-64243F9E0C31}.Debug|Any CPU.Build.0 = Debug|Any CPU
		{21918F17-1310-4276-BEF5-64243F9E0C31}.Debug|x64.ActiveCfg = Debug|Any CPU
		{21918F17-1310-4276-BEF5-64243F9E0C31}.Debug|x64.Build.0 = Debug|Any CPU
		{21918F17-1310-4276-BEF5-64243F9E0C31}.Release|Any CPU.ActiveCfg = Release|Any CPU
		{21918F17-1310-4276-BEF5-64243F9E0C31}.Release|Any CPU.Build.0 = Release|Any CPU
		{21918F17-1310-4276-BEF5-64243F9E0C31}.Release|x64.ActiveCfg = Release|Any CPU
		{21918F17-1310-4276-BEF5-64243F9E0C31}.Release|x64.Build.0 = Release|Any CPU
		{8B80DADD-5311-4CA0-9274-9F044A38185E}.Debug|Any CPU.ActiveCfg = Debug|x64
		{8B80DADD-5311-4CA0-9274-9F044A38185E}.Debug|Any CPU.Build.0 = Debug|x64
		{8B80DADD-5311-4CA0-9274-9F044A38185E}.Debug|Any CPU.Deploy.0 = Debug|x64
		{8B80DADD-5311-4CA0-9274-9F044A38185E}.Debug|x64.ActiveCfg = Debug|x64
		{8B80DADD-5311-4CA0-9274-9F044A38185E}.Debug|x64.Build.0 = Debug|x64
		{8B80DADD-5311-4CA0-9274-9F044A38185E}.Debug|x64.Deploy.0 = Debug|x64
		{8B80DADD-5311-4CA0-9274-9F044A38185E}.Release|Any CPU.ActiveCfg = Release|x64
		{8B80DADD-5311-4CA0-9274-9F044A38185E}.Release|x64.ActiveCfg = Release|x64
		{8B80DADD-5311-4CA0-9274-9F044A38185E}.Release|x64.Build.0 = Release|x64
		{8B80DADD-5311-4CA0-9274-9F044A38185E}.Release|x64.Deploy.0 = Release|x64
		{07A36781-D09B-4CF9-8D0B-80BB929FE535}.Debug|Any CPU.ActiveCfg = Debug|Any CPU
		{07A36781-D09B-4CF9-8D0B-80BB929FE535}.Debug|Any CPU.Build.0 = Debug|Any CPU
		{07A36781-D09B-4CF9-8D0B-80BB929FE535}.Debug|x64.ActiveCfg = Debug|Any CPU
		{07A36781-D09B-4CF9-8D0B-80BB929FE535}.Debug|x64.Build.0 = Debug|Any CPU
		{07A36781-D09B-4CF9-8D0B-80BB929FE535}.Release|Any CPU.ActiveCfg = Release|Any CPU
		{07A36781-D09B-4CF9-8D0B-80BB929FE535}.Release|Any CPU.Build.0 = Release|Any CPU
		{07A36781-D09B-4CF9-8D0B-80BB929FE535}.Release|x64.ActiveCfg = Release|Any CPU
		{07A36781-D09B-4CF9-8D0B-80BB929FE535}.Release|x64.Build.0 = Release|Any CPU
		{B390568E-DAFF-4ED3-99B6-3914491D4F54}.Debug|Any CPU.ActiveCfg = Debug|Any CPU
		{B390568E-DAFF-4ED3-99B6-3914491D4F54}.Debug|Any CPU.Build.0 = Debug|Any CPU
		{B390568E-DAFF-4ED3-99B6-3914491D4F54}.Debug|x64.ActiveCfg = Debug|Any CPU
		{B390568E-DAFF-4ED3-99B6-3914491D4F54}.Debug|x64.Build.0 = Debug|Any CPU
		{B390568E-DAFF-4ED3-99B6-3914491D4F54}.Release|Any CPU.ActiveCfg = Release|Any CPU
		{B390568E-DAFF-4ED3-99B6-3914491D4F54}.Release|Any CPU.Build.0 = Release|Any CPU
		{B390568E-DAFF-4ED3-99B6-3914491D4F54}.Release|x64.ActiveCfg = Release|Any CPU
		{B390568E-DAFF-4ED3-99B6-3914491D4F54}.Release|x64.Build.0 = Release|Any CPU
		{061DB3B8-47DC-4F5E-9B0C-5370D13A3362}.Debug|Any CPU.ActiveCfg = Debug|Any CPU
		{061DB3B8-47DC-4F5E-9B0C-5370D13A3362}.Debug|Any CPU.Build.0 = Debug|Any CPU
		{061DB3B8-47DC-4F5E-9B0C-5370D13A3362}.Debug|x64.ActiveCfg = Debug|Any CPU
		{061DB3B8-47DC-4F5E-9B0C-5370D13A3362}.Debug|x64.Build.0 = Debug|Any CPU
		{061DB3B8-47DC-4F5E-9B0C-5370D13A3362}.Release|Any CPU.ActiveCfg = Release|Any CPU
		{061DB3B8-47DC-4F5E-9B0C-5370D13A3362}.Release|Any CPU.Build.0 = Release|Any CPU
		{061DB3B8-47DC-4F5E-9B0C-5370D13A3362}.Release|x64.ActiveCfg = Release|Any CPU
		{061DB3B8-47DC-4F5E-9B0C-5370D13A3362}.Release|x64.Build.0 = Release|Any CPU
		{B6569426-98BA-4BC0-8CD3-737E8316486F}.Debug|Any CPU.ActiveCfg = Debug|Any CPU
		{B6569426-98BA-4BC0-8CD3-737E8316486F}.Debug|Any CPU.Build.0 = Debug|Any CPU
		{B6569426-98BA-4BC0-8CD3-737E8316486F}.Debug|x64.ActiveCfg = Debug|Any CPU
		{B6569426-98BA-4BC0-8CD3-737E8316486F}.Debug|x64.Build.0 = Debug|Any CPU
		{B6569426-98BA-4BC0-8CD3-737E8316486F}.Release|Any CPU.ActiveCfg = Release|Any CPU
		{B6569426-98BA-4BC0-8CD3-737E8316486F}.Release|Any CPU.Build.0 = Release|Any CPU
		{B6569426-98BA-4BC0-8CD3-737E8316486F}.Release|x64.ActiveCfg = Release|Any CPU
		{B6569426-98BA-4BC0-8CD3-737E8316486F}.Release|x64.Build.0 = Release|Any CPU
		{F3DE46FC-6184-42CA-9C84-DA08ED4FFB4C}.Debug|Any CPU.ActiveCfg = Debug|Any CPU
		{F3DE46FC-6184-42CA-9C84-DA08ED4FFB4C}.Debug|Any CPU.Build.0 = Debug|Any CPU
		{F3DE46FC-6184-42CA-9C84-DA08ED4FFB4C}.Debug|x64.ActiveCfg = Debug|Any CPU
		{F3DE46FC-6184-42CA-9C84-DA08ED4FFB4C}.Debug|x64.Build.0 = Debug|Any CPU
		{F3DE46FC-6184-42CA-9C84-DA08ED4FFB4C}.Release|Any CPU.ActiveCfg = Release|Any CPU
		{F3DE46FC-6184-42CA-9C84-DA08ED4FFB4C}.Release|Any CPU.Build.0 = Release|Any CPU
		{F3DE46FC-6184-42CA-9C84-DA08ED4FFB4C}.Release|x64.ActiveCfg = Release|Any CPU
		{F3DE46FC-6184-42CA-9C84-DA08ED4FFB4C}.Release|x64.Build.0 = Release|Any CPU
		{F5E5076C-689A-4D3D-B5CB-585E7DC514BE}.Debug|Any CPU.ActiveCfg = Debug|Any CPU
		{F5E5076C-689A-4D3D-B5CB-585E7DC514BE}.Debug|Any CPU.Build.0 = Debug|Any CPU
		{F5E5076C-689A-4D3D-B5CB-585E7DC514BE}.Debug|x64.ActiveCfg = Debug|Any CPU
		{F5E5076C-689A-4D3D-B5CB-585E7DC514BE}.Debug|x64.Build.0 = Debug|Any CPU
		{F5E5076C-689A-4D3D-B5CB-585E7DC514BE}.Release|Any CPU.ActiveCfg = Release|Any CPU
		{F5E5076C-689A-4D3D-B5CB-585E7DC514BE}.Release|Any CPU.Build.0 = Release|Any CPU
		{F5E5076C-689A-4D3D-B5CB-585E7DC514BE}.Release|x64.ActiveCfg = Release|Any CPU
		{F5E5076C-689A-4D3D-B5CB-585E7DC514BE}.Release|x64.Build.0 = Release|Any CPU
		{A17B6FE2-0A12-46C9-B9DB-866D68557D8D}.Debug|Any CPU.ActiveCfg = Debug|Any CPU
		{A17B6FE2-0A12-46C9-B9DB-866D68557D8D}.Debug|Any CPU.Build.0 = Debug|Any CPU
		{A17B6FE2-0A12-46C9-B9DB-866D68557D8D}.Debug|x64.ActiveCfg = Debug|Any CPU
		{A17B6FE2-0A12-46C9-B9DB-866D68557D8D}.Debug|x64.Build.0 = Debug|Any CPU
		{A17B6FE2-0A12-46C9-B9DB-866D68557D8D}.Release|Any CPU.ActiveCfg = Release|Any CPU
		{A17B6FE2-0A12-46C9-B9DB-866D68557D8D}.Release|Any CPU.Build.0 = Release|Any CPU
		{A17B6FE2-0A12-46C9-B9DB-866D68557D8D}.Release|x64.ActiveCfg = Release|Any CPU
		{A17B6FE2-0A12-46C9-B9DB-866D68557D8D}.Release|x64.Build.0 = Release|Any CPU
		{23551CD8-7554-4F2C-9B42-A67B9E0C261D}.Debug|Any CPU.ActiveCfg = Debug|Any CPU
		{23551CD8-7554-4F2C-9B42-A67B9E0C261D}.Debug|Any CPU.Build.0 = Debug|Any CPU
		{23551CD8-7554-4F2C-9B42-A67B9E0C261D}.Debug|x64.ActiveCfg = Debug|Any CPU
		{23551CD8-7554-4F2C-9B42-A67B9E0C261D}.Debug|x64.Build.0 = Debug|Any CPU
		{23551CD8-7554-4F2C-9B42-A67B9E0C261D}.Release|Any CPU.ActiveCfg = Release|Any CPU
		{23551CD8-7554-4F2C-9B42-A67B9E0C261D}.Release|Any CPU.Build.0 = Release|Any CPU
		{23551CD8-7554-4F2C-9B42-A67B9E0C261D}.Release|x64.ActiveCfg = Release|Any CPU
		{23551CD8-7554-4F2C-9B42-A67B9E0C261D}.Release|x64.Build.0 = Release|Any CPU
		{FAFC16FB-316E-4C83-9F35-D0D36DDCCAF7}.Debug|Any CPU.ActiveCfg = Debug|Any CPU
		{FAFC16FB-316E-4C83-9F35-D0D36DDCCAF7}.Debug|Any CPU.Build.0 = Debug|Any CPU
		{FAFC16FB-316E-4C83-9F35-D0D36DDCCAF7}.Debug|x64.ActiveCfg = Debug|Any CPU
		{FAFC16FB-316E-4C83-9F35-D0D36DDCCAF7}.Debug|x64.Build.0 = Debug|Any CPU
		{FAFC16FB-316E-4C83-9F35-D0D36DDCCAF7}.Release|Any CPU.ActiveCfg = Release|Any CPU
		{FAFC16FB-316E-4C83-9F35-D0D36DDCCAF7}.Release|Any CPU.Build.0 = Release|Any CPU
		{FAFC16FB-316E-4C83-9F35-D0D36DDCCAF7}.Release|x64.ActiveCfg = Release|Any CPU
		{FAFC16FB-316E-4C83-9F35-D0D36DDCCAF7}.Release|x64.Build.0 = Release|Any CPU
		{9D21C169-F999-45CD-B181-78437B2D01FD}.Debug|Any CPU.ActiveCfg = Debug|x64
		{9D21C169-F999-45CD-B181-78437B2D01FD}.Debug|Any CPU.Build.0 = Debug|x64
		{9D21C169-F999-45CD-B181-78437B2D01FD}.Debug|Any CPU.Deploy.0 = Debug|x64
		{9D21C169-F999-45CD-B181-78437B2D01FD}.Debug|x64.ActiveCfg = Debug|x64
		{9D21C169-F999-45CD-B181-78437B2D01FD}.Debug|x64.Build.0 = Debug|x64
		{9D21C169-F999-45CD-B181-78437B2D01FD}.Debug|x64.Deploy.0 = Debug|x64
		{9D21C169-F999-45CD-B181-78437B2D01FD}.Release|Any CPU.ActiveCfg = Release|x64
		{9D21C169-F999-45CD-B181-78437B2D01FD}.Release|x64.ActiveCfg = Release|x64
		{9D21C169-F999-45CD-B181-78437B2D01FD}.Release|x64.Build.0 = Release|x64
		{9D21C169-F999-45CD-B181-78437B2D01FD}.Release|x64.Deploy.0 = Release|x64
		{9B9BD445-2EFA-4C01-9092-15A54111BE3B}.Debug|Any CPU.ActiveCfg = Debug|Any CPU
		{9B9BD445-2EFA-4C01-9092-15A54111BE3B}.Debug|Any CPU.Build.0 = Debug|Any CPU
		{9B9BD445-2EFA-4C01-9092-15A54111BE3B}.Debug|x64.ActiveCfg = Debug|Any CPU
		{9B9BD445-2EFA-4C01-9092-15A54111BE3B}.Debug|x64.Build.0 = Debug|Any CPU
		{9B9BD445-2EFA-4C01-9092-15A54111BE3B}.Release|Any CPU.ActiveCfg = Release|Any CPU
		{9B9BD445-2EFA-4C01-9092-15A54111BE3B}.Release|Any CPU.Build.0 = Release|Any CPU
		{9B9BD445-2EFA-4C01-9092-15A54111BE3B}.Release|x64.ActiveCfg = Release|Any CPU
		{9B9BD445-2EFA-4C01-9092-15A54111BE3B}.Release|x64.Build.0 = Release|Any CPU
		{34178533-719E-43AF-B1D6-0EF616261F45}.Debug|Any CPU.ActiveCfg = Debug|Any CPU
		{34178533-719E-43AF-B1D6-0EF616261F45}.Debug|Any CPU.Build.0 = Debug|Any CPU
		{34178533-719E-43AF-B1D6-0EF616261F45}.Debug|x64.ActiveCfg = Debug|Any CPU
		{34178533-719E-43AF-B1D6-0EF616261F45}.Debug|x64.Build.0 = Debug|Any CPU
		{34178533-719E-43AF-B1D6-0EF616261F45}.Release|Any CPU.ActiveCfg = Release|Any CPU
		{34178533-719E-43AF-B1D6-0EF616261F45}.Release|Any CPU.Build.0 = Release|Any CPU
		{34178533-719E-43AF-B1D6-0EF616261F45}.Release|x64.ActiveCfg = Release|Any CPU
		{34178533-719E-43AF-B1D6-0EF616261F45}.Release|x64.Build.0 = Release|Any CPU
		{9E632A4C-5335-4E21-9FF6-FFB1F92133A0}.Debug|Any CPU.ActiveCfg = Debug|Any CPU
		{9E632A4C-5335-4E21-9FF6-FFB1F92133A0}.Debug|Any CPU.Build.0 = Debug|Any CPU
		{9E632A4C-5335-4E21-9FF6-FFB1F92133A0}.Debug|x64.ActiveCfg = Debug|Any CPU
		{9E632A4C-5335-4E21-9FF6-FFB1F92133A0}.Debug|x64.Build.0 = Debug|Any CPU
		{9E632A4C-5335-4E21-9FF6-FFB1F92133A0}.Release|Any CPU.ActiveCfg = Release|Any CPU
		{9E632A4C-5335-4E21-9FF6-FFB1F92133A0}.Release|Any CPU.Build.0 = Release|Any CPU
		{9E632A4C-5335-4E21-9FF6-FFB1F92133A0}.Release|x64.ActiveCfg = Release|Any CPU
		{9E632A4C-5335-4E21-9FF6-FFB1F92133A0}.Release|x64.Build.0 = Release|Any CPU
		{58746D22-1336-4EA0-8651-B107471E4035}.Debug|Any CPU.ActiveCfg = Debug|Any CPU
		{58746D22-1336-4EA0-8651-B107471E4035}.Debug|Any CPU.Build.0 = Debug|Any CPU
		{58746D22-1336-4EA0-8651-B107471E4035}.Debug|x64.ActiveCfg = Debug|Any CPU
		{58746D22-1336-4EA0-8651-B107471E4035}.Debug|x64.Build.0 = Debug|Any CPU
		{58746D22-1336-4EA0-8651-B107471E4035}.Release|Any CPU.ActiveCfg = Release|Any CPU
		{58746D22-1336-4EA0-8651-B107471E4035}.Release|Any CPU.Build.0 = Release|Any CPU
		{58746D22-1336-4EA0-8651-B107471E4035}.Release|x64.ActiveCfg = Release|Any CPU
		{58746D22-1336-4EA0-8651-B107471E4035}.Release|x64.Build.0 = Release|Any CPU
		{0F0BEB68-7F9F-4D39-B85A-3FE7701BB6CC}.Debug|Any CPU.ActiveCfg = Debug|Any CPU
		{0F0BEB68-7F9F-4D39-B85A-3FE7701BB6CC}.Debug|Any CPU.Build.0 = Debug|Any CPU
		{0F0BEB68-7F9F-4D39-B85A-3FE7701BB6CC}.Debug|x64.ActiveCfg = Debug|Any CPU
		{0F0BEB68-7F9F-4D39-B85A-3FE7701BB6CC}.Debug|x64.Build.0 = Debug|Any CPU
		{0F0BEB68-7F9F-4D39-B85A-3FE7701BB6CC}.Release|Any CPU.ActiveCfg = Release|Any CPU
		{0F0BEB68-7F9F-4D39-B85A-3FE7701BB6CC}.Release|Any CPU.Build.0 = Release|Any CPU
		{0F0BEB68-7F9F-4D39-B85A-3FE7701BB6CC}.Release|x64.ActiveCfg = Release|Any CPU
		{0F0BEB68-7F9F-4D39-B85A-3FE7701BB6CC}.Release|x64.Build.0 = Release|Any CPU
		{FC1C8A71-0E0D-4C2F-B262-87998A4714A8}.Debug|Any CPU.ActiveCfg = Debug|Any CPU
		{FC1C8A71-0E0D-4C2F-B262-87998A4714A8}.Debug|Any CPU.Build.0 = Debug|Any CPU
		{FC1C8A71-0E0D-4C2F-B262-87998A4714A8}.Debug|x64.ActiveCfg = Debug|Any CPU
		{FC1C8A71-0E0D-4C2F-B262-87998A4714A8}.Debug|x64.Build.0 = Debug|Any CPU
		{FC1C8A71-0E0D-4C2F-B262-87998A4714A8}.Release|Any CPU.ActiveCfg = Release|Any CPU
		{FC1C8A71-0E0D-4C2F-B262-87998A4714A8}.Release|Any CPU.Build.0 = Release|Any CPU
		{FC1C8A71-0E0D-4C2F-B262-87998A4714A8}.Release|x64.ActiveCfg = Release|Any CPU
		{FC1C8A71-0E0D-4C2F-B262-87998A4714A8}.Release|x64.Build.0 = Release|Any CPU
		{CDA84663-1871-4464-BB23-E9665F216C49}.Debug|Any CPU.ActiveCfg = Debug|Any CPU
		{CDA84663-1871-4464-BB23-E9665F216C49}.Debug|Any CPU.Build.0 = Debug|Any CPU
		{CDA84663-1871-4464-BB23-E9665F216C49}.Debug|x64.ActiveCfg = Debug|Any CPU
		{CDA84663-1871-4464-BB23-E9665F216C49}.Debug|x64.Build.0 = Debug|Any CPU
		{CDA84663-1871-4464-BB23-E9665F216C49}.Release|Any CPU.ActiveCfg = Release|Any CPU
		{CDA84663-1871-4464-BB23-E9665F216C49}.Release|Any CPU.Build.0 = Release|Any CPU
		{CDA84663-1871-4464-BB23-E9665F216C49}.Release|x64.ActiveCfg = Release|Any CPU
		{CDA84663-1871-4464-BB23-E9665F216C49}.Release|x64.Build.0 = Release|Any CPU
		{853EEF4B-8D82-42D2-89CC-A384BFFF33D3}.Debug|Any CPU.ActiveCfg = Debug|Any CPU
		{853EEF4B-8D82-42D2-89CC-A384BFFF33D3}.Debug|Any CPU.Build.0 = Debug|Any CPU
		{853EEF4B-8D82-42D2-89CC-A384BFFF33D3}.Debug|x64.ActiveCfg = Debug|Any CPU
		{853EEF4B-8D82-42D2-89CC-A384BFFF33D3}.Debug|x64.Build.0 = Debug|Any CPU
		{853EEF4B-8D82-42D2-89CC-A384BFFF33D3}.Release|Any CPU.ActiveCfg = Release|Any CPU
		{853EEF4B-8D82-42D2-89CC-A384BFFF33D3}.Release|Any CPU.Build.0 = Release|Any CPU
		{853EEF4B-8D82-42D2-89CC-A384BFFF33D3}.Release|x64.ActiveCfg = Release|Any CPU
		{853EEF4B-8D82-42D2-89CC-A384BFFF33D3}.Release|x64.Build.0 = Release|Any CPU
		{43861469-71A2-4128-B35A-FB680F1E8BCA}.Debug|Any CPU.ActiveCfg = Debug|Any CPU
		{43861469-71A2-4128-B35A-FB680F1E8BCA}.Debug|Any CPU.Build.0 = Debug|Any CPU
		{43861469-71A2-4128-B35A-FB680F1E8BCA}.Debug|x64.ActiveCfg = Debug|Any CPU
		{43861469-71A2-4128-B35A-FB680F1E8BCA}.Debug|x64.Build.0 = Debug|Any CPU
		{43861469-71A2-4128-B35A-FB680F1E8BCA}.Release|Any CPU.ActiveCfg = Release|Any CPU
		{43861469-71A2-4128-B35A-FB680F1E8BCA}.Release|Any CPU.Build.0 = Release|Any CPU
		{43861469-71A2-4128-B35A-FB680F1E8BCA}.Release|x64.ActiveCfg = Release|Any CPU
		{43861469-71A2-4128-B35A-FB680F1E8BCA}.Release|x64.Build.0 = Release|Any CPU
		{906D925F-EDA0-44A6-B276-E32E87230F69}.Debug|Any CPU.ActiveCfg = Debug|Any CPU
		{906D925F-EDA0-44A6-B276-E32E87230F69}.Debug|Any CPU.Build.0 = Debug|Any CPU
		{906D925F-EDA0-44A6-B276-E32E87230F69}.Debug|x64.ActiveCfg = Debug|Any CPU
		{906D925F-EDA0-44A6-B276-E32E87230F69}.Debug|x64.Build.0 = Debug|Any CPU
		{906D925F-EDA0-44A6-B276-E32E87230F69}.Release|Any CPU.ActiveCfg = Release|Any CPU
		{906D925F-EDA0-44A6-B276-E32E87230F69}.Release|Any CPU.Build.0 = Release|Any CPU
		{906D925F-EDA0-44A6-B276-E32E87230F69}.Release|x64.ActiveCfg = Release|Any CPU
		{906D925F-EDA0-44A6-B276-E32E87230F69}.Release|x64.Build.0 = Release|Any CPU
		{2555473F-D8BA-4046-85C8-9A97F58CA87E}.Debug|Any CPU.ActiveCfg = Debug|x64
		{2555473F-D8BA-4046-85C8-9A97F58CA87E}.Debug|Any CPU.Build.0 = Debug|x64
		{2555473F-D8BA-4046-85C8-9A97F58CA87E}.Debug|Any CPU.Deploy.0 = Debug|x64
		{2555473F-D8BA-4046-85C8-9A97F58CA87E}.Debug|x64.ActiveCfg = Debug|x64
		{2555473F-D8BA-4046-85C8-9A97F58CA87E}.Debug|x64.Build.0 = Debug|x64
		{2555473F-D8BA-4046-85C8-9A97F58CA87E}.Debug|x64.Deploy.0 = Debug|x64
		{2555473F-D8BA-4046-85C8-9A97F58CA87E}.Release|Any CPU.ActiveCfg = Release|x64
		{2555473F-D8BA-4046-85C8-9A97F58CA87E}.Release|x64.ActiveCfg = Release|x64
		{2555473F-D8BA-4046-85C8-9A97F58CA87E}.Release|x64.Build.0 = Release|x64
		{2555473F-D8BA-4046-85C8-9A97F58CA87E}.Release|x64.Deploy.0 = Release|x64
		{5AFE0AF0-5AA4-42DF-A3CC-826C839B080B}.Debug|Any CPU.ActiveCfg = Debug|Any CPU
		{5AFE0AF0-5AA4-42DF-A3CC-826C839B080B}.Debug|Any CPU.Build.0 = Debug|Any CPU
		{5AFE0AF0-5AA4-42DF-A3CC-826C839B080B}.Debug|x64.ActiveCfg = Debug|Any CPU
		{5AFE0AF0-5AA4-42DF-A3CC-826C839B080B}.Debug|x64.Build.0 = Debug|Any CPU
		{5AFE0AF0-5AA4-42DF-A3CC-826C839B080B}.Release|Any CPU.ActiveCfg = Release|Any CPU
		{5AFE0AF0-5AA4-42DF-A3CC-826C839B080B}.Release|Any CPU.Build.0 = Release|Any CPU
		{5AFE0AF0-5AA4-42DF-A3CC-826C839B080B}.Release|x64.ActiveCfg = Release|Any CPU
		{5AFE0AF0-5AA4-42DF-A3CC-826C839B080B}.Release|x64.Build.0 = Release|Any CPU
		{AF88EE53-5893-463D-A58C-A06C2AEA2142}.Debug|Any CPU.ActiveCfg = Debug|Any CPU
		{AF88EE53-5893-463D-A58C-A06C2AEA2142}.Debug|Any CPU.Build.0 = Debug|Any CPU
		{AF88EE53-5893-463D-A58C-A06C2AEA2142}.Debug|x64.ActiveCfg = Debug|Any CPU
		{AF88EE53-5893-463D-A58C-A06C2AEA2142}.Debug|x64.Build.0 = Debug|Any CPU
		{AF88EE53-5893-463D-A58C-A06C2AEA2142}.Release|Any CPU.ActiveCfg = Release|Any CPU
		{AF88EE53-5893-463D-A58C-A06C2AEA2142}.Release|Any CPU.Build.0 = Release|Any CPU
		{AF88EE53-5893-463D-A58C-A06C2AEA2142}.Release|x64.ActiveCfg = Release|Any CPU
		{AF88EE53-5893-463D-A58C-A06C2AEA2142}.Release|x64.Build.0 = Release|Any CPU
		{C3EF92C3-6801-4A32-B749-6F543A55C057}.Debug|Any CPU.ActiveCfg = Debug|Any CPU
		{C3EF92C3-6801-4A32-B749-6F543A55C057}.Debug|Any CPU.Build.0 = Debug|Any CPU
		{C3EF92C3-6801-4A32-B749-6F543A55C057}.Debug|x64.ActiveCfg = Debug|Any CPU
		{C3EF92C3-6801-4A32-B749-6F543A55C057}.Debug|x64.Build.0 = Debug|Any CPU
		{C3EF92C3-6801-4A32-B749-6F543A55C057}.Release|Any CPU.ActiveCfg = Release|Any CPU
		{C3EF92C3-6801-4A32-B749-6F543A55C057}.Release|Any CPU.Build.0 = Release|Any CPU
		{C3EF92C3-6801-4A32-B749-6F543A55C057}.Release|x64.ActiveCfg = Release|Any CPU
		{C3EF92C3-6801-4A32-B749-6F543A55C057}.Release|x64.Build.0 = Release|Any CPU
		{0CADEEC6-9458-4055-BD0D-002C52371E6E}.Debug|Any CPU.ActiveCfg = Debug|Any CPU
		{0CADEEC6-9458-4055-BD0D-002C52371E6E}.Debug|Any CPU.Build.0 = Debug|Any CPU
		{0CADEEC6-9458-4055-BD0D-002C52371E6E}.Debug|x64.ActiveCfg = Debug|Any CPU
		{0CADEEC6-9458-4055-BD0D-002C52371E6E}.Debug|x64.Build.0 = Debug|Any CPU
		{0CADEEC6-9458-4055-BD0D-002C52371E6E}.Release|Any CPU.ActiveCfg = Release|Any CPU
		{0CADEEC6-9458-4055-BD0D-002C52371E6E}.Release|Any CPU.Build.0 = Release|Any CPU
		{0CADEEC6-9458-4055-BD0D-002C52371E6E}.Release|x64.ActiveCfg = Release|Any CPU
		{0CADEEC6-9458-4055-BD0D-002C52371E6E}.Release|x64.Build.0 = Release|Any CPU
		{FF18E687-BC0D-4A9B-9D14-6CFF0799B8C2}.Debug|Any CPU.ActiveCfg = Debug|Any CPU
		{FF18E687-BC0D-4A9B-9D14-6CFF0799B8C2}.Debug|Any CPU.Build.0 = Debug|Any CPU
		{FF18E687-BC0D-4A9B-9D14-6CFF0799B8C2}.Debug|x64.ActiveCfg = Debug|Any CPU
		{FF18E687-BC0D-4A9B-9D14-6CFF0799B8C2}.Debug|x64.Build.0 = Debug|Any CPU
		{FF18E687-BC0D-4A9B-9D14-6CFF0799B8C2}.Release|Any CPU.ActiveCfg = Release|Any CPU
		{FF18E687-BC0D-4A9B-9D14-6CFF0799B8C2}.Release|Any CPU.Build.0 = Release|Any CPU
		{FF18E687-BC0D-4A9B-9D14-6CFF0799B8C2}.Release|x64.ActiveCfg = Release|Any CPU
		{FF18E687-BC0D-4A9B-9D14-6CFF0799B8C2}.Release|x64.Build.0 = Release|Any CPU
		{F41ED226-C11E-44C3-825A-C40143F0FEF9}.Debug|Any CPU.ActiveCfg = Debug|Any CPU
		{F41ED226-C11E-44C3-825A-C40143F0FEF9}.Debug|Any CPU.Build.0 = Debug|Any CPU
		{F41ED226-C11E-44C3-825A-C40143F0FEF9}.Debug|x64.ActiveCfg = Debug|Any CPU
		{F41ED226-C11E-44C3-825A-C40143F0FEF9}.Debug|x64.Build.0 = Debug|Any CPU
		{F41ED226-C11E-44C3-825A-C40143F0FEF9}.Release|Any CPU.ActiveCfg = Release|Any CPU
		{F41ED226-C11E-44C3-825A-C40143F0FEF9}.Release|Any CPU.Build.0 = Release|Any CPU
		{F41ED226-C11E-44C3-825A-C40143F0FEF9}.Release|x64.ActiveCfg = Release|Any CPU
		{F41ED226-C11E-44C3-825A-C40143F0FEF9}.Release|x64.Build.0 = Release|Any CPU
		{FC5B5DBC-D0D1-40B5-A5B5-25EA0D4BBDA3}.Debug|Any CPU.ActiveCfg = Debug|Any CPU
		{FC5B5DBC-D0D1-40B5-A5B5-25EA0D4BBDA3}.Debug|Any CPU.Build.0 = Debug|Any CPU
		{FC5B5DBC-D0D1-40B5-A5B5-25EA0D4BBDA3}.Debug|x64.ActiveCfg = Debug|Any CPU
		{FC5B5DBC-D0D1-40B5-A5B5-25EA0D4BBDA3}.Debug|x64.Build.0 = Debug|Any CPU
		{FC5B5DBC-D0D1-40B5-A5B5-25EA0D4BBDA3}.Release|Any CPU.ActiveCfg = Release|Any CPU
		{FC5B5DBC-D0D1-40B5-A5B5-25EA0D4BBDA3}.Release|Any CPU.Build.0 = Release|Any CPU
		{FC5B5DBC-D0D1-40B5-A5B5-25EA0D4BBDA3}.Release|x64.ActiveCfg = Release|Any CPU
		{FC5B5DBC-D0D1-40B5-A5B5-25EA0D4BBDA3}.Release|x64.Build.0 = Release|Any CPU
		{9C46D571-25F1-4459-A302-23DA2CFEEEAB}.Debug|Any CPU.ActiveCfg = Debug|Any CPU
		{9C46D571-25F1-4459-A302-23DA2CFEEEAB}.Debug|Any CPU.Build.0 = Debug|Any CPU
		{9C46D571-25F1-4459-A302-23DA2CFEEEAB}.Debug|x64.ActiveCfg = Debug|Any CPU
		{9C46D571-25F1-4459-A302-23DA2CFEEEAB}.Debug|x64.Build.0 = Debug|Any CPU
		{9C46D571-25F1-4459-A302-23DA2CFEEEAB}.Release|Any CPU.ActiveCfg = Release|Any CPU
		{9C46D571-25F1-4459-A302-23DA2CFEEEAB}.Release|Any CPU.Build.0 = Release|Any CPU
		{9C46D571-25F1-4459-A302-23DA2CFEEEAB}.Release|x64.ActiveCfg = Release|Any CPU
		{9C46D571-25F1-4459-A302-23DA2CFEEEAB}.Release|x64.Build.0 = Release|Any CPU
		{B87045E0-20B4-45F1-8EC9-B0B6A0D9FFBB}.Debug|Any CPU.ActiveCfg = Debug|Any CPU
		{B87045E0-20B4-45F1-8EC9-B0B6A0D9FFBB}.Debug|Any CPU.Build.0 = Debug|Any CPU
		{B87045E0-20B4-45F1-8EC9-B0B6A0D9FFBB}.Debug|x64.ActiveCfg = Debug|Any CPU
		{B87045E0-20B4-45F1-8EC9-B0B6A0D9FFBB}.Debug|x64.Build.0 = Debug|Any CPU
		{B87045E0-20B4-45F1-8EC9-B0B6A0D9FFBB}.Release|Any CPU.ActiveCfg = Release|Any CPU
		{B87045E0-20B4-45F1-8EC9-B0B6A0D9FFBB}.Release|Any CPU.Build.0 = Release|Any CPU
		{B87045E0-20B4-45F1-8EC9-B0B6A0D9FFBB}.Release|x64.ActiveCfg = Release|Any CPU
		{B87045E0-20B4-45F1-8EC9-B0B6A0D9FFBB}.Release|x64.Build.0 = Release|Any CPU
		{07F37F45-2C22-4BC4-B582-2B5CF98B8999}.Debug|Any CPU.ActiveCfg = Debug|Any CPU
		{07F37F45-2C22-4BC4-B582-2B5CF98B8999}.Debug|Any CPU.Build.0 = Debug|Any CPU
		{07F37F45-2C22-4BC4-B582-2B5CF98B8999}.Debug|x64.ActiveCfg = Debug|Any CPU
		{07F37F45-2C22-4BC4-B582-2B5CF98B8999}.Debug|x64.Build.0 = Debug|Any CPU
		{07F37F45-2C22-4BC4-B582-2B5CF98B8999}.Release|Any CPU.ActiveCfg = Release|Any CPU
		{07F37F45-2C22-4BC4-B582-2B5CF98B8999}.Release|Any CPU.Build.0 = Release|Any CPU
		{07F37F45-2C22-4BC4-B582-2B5CF98B8999}.Release|x64.ActiveCfg = Release|Any CPU
		{07F37F45-2C22-4BC4-B582-2B5CF98B8999}.Release|x64.Build.0 = Release|Any CPU
		{A99EDA09-50B8-439D-AFB5-323FEAA5CA4D}.Debug|Any CPU.ActiveCfg = Debug|Any CPU
		{A99EDA09-50B8-439D-AFB5-323FEAA5CA4D}.Debug|Any CPU.Build.0 = Debug|Any CPU
		{A99EDA09-50B8-439D-AFB5-323FEAA5CA4D}.Debug|Any CPU.Deploy.0 = Debug|Any CPU
		{A99EDA09-50B8-439D-AFB5-323FEAA5CA4D}.Debug|x64.ActiveCfg = Debug|Any CPU
		{A99EDA09-50B8-439D-AFB5-323FEAA5CA4D}.Debug|x64.Build.0 = Debug|Any CPU
		{A99EDA09-50B8-439D-AFB5-323FEAA5CA4D}.Debug|x64.Deploy.0 = Debug|Any CPU
		{A99EDA09-50B8-439D-AFB5-323FEAA5CA4D}.Release|Any CPU.ActiveCfg = Release|Any CPU
		{A99EDA09-50B8-439D-AFB5-323FEAA5CA4D}.Release|Any CPU.Build.0 = Release|Any CPU
		{A99EDA09-50B8-439D-AFB5-323FEAA5CA4D}.Release|Any CPU.Deploy.0 = Release|Any CPU
		{A99EDA09-50B8-439D-AFB5-323FEAA5CA4D}.Release|x64.ActiveCfg = Release|Any CPU
		{A99EDA09-50B8-439D-AFB5-323FEAA5CA4D}.Release|x64.Build.0 = Release|Any CPU
		{A99EDA09-50B8-439D-AFB5-323FEAA5CA4D}.Release|x64.Deploy.0 = Release|Any CPU
		{23D1CB38-3511-4CA4-B559-4C2F9E8C3B0E}.Debug|Any CPU.ActiveCfg = Debug|Any CPU
		{23D1CB38-3511-4CA4-B559-4C2F9E8C3B0E}.Debug|Any CPU.Build.0 = Debug|Any CPU
		{23D1CB38-3511-4CA4-B559-4C2F9E8C3B0E}.Debug|x64.ActiveCfg = Debug|Any CPU
		{23D1CB38-3511-4CA4-B559-4C2F9E8C3B0E}.Debug|x64.Build.0 = Debug|Any CPU
		{23D1CB38-3511-4CA4-B559-4C2F9E8C3B0E}.Release|Any CPU.ActiveCfg = Release|Any CPU
		{23D1CB38-3511-4CA4-B559-4C2F9E8C3B0E}.Release|Any CPU.Build.0 = Release|Any CPU
		{23D1CB38-3511-4CA4-B559-4C2F9E8C3B0E}.Release|x64.ActiveCfg = Release|Any CPU
		{23D1CB38-3511-4CA4-B559-4C2F9E8C3B0E}.Release|x64.Build.0 = Release|Any CPU
		{4B68975C-D247-4BFC-A186-55FC793D107F}.Debug|Any CPU.ActiveCfg = Debug|Any CPU
		{4B68975C-D247-4BFC-A186-55FC793D107F}.Debug|Any CPU.Build.0 = Debug|Any CPU
		{4B68975C-D247-4BFC-A186-55FC793D107F}.Debug|x64.ActiveCfg = Debug|Any CPU
		{4B68975C-D247-4BFC-A186-55FC793D107F}.Debug|x64.Build.0 = Debug|Any CPU
		{4B68975C-D247-4BFC-A186-55FC793D107F}.Release|Any CPU.ActiveCfg = Release|Any CPU
		{4B68975C-D247-4BFC-A186-55FC793D107F}.Release|Any CPU.Build.0 = Release|Any CPU
		{4B68975C-D247-4BFC-A186-55FC793D107F}.Release|x64.ActiveCfg = Release|Any CPU
		{4B68975C-D247-4BFC-A186-55FC793D107F}.Release|x64.Build.0 = Release|Any CPU
		{8AC30CD7-20CC-475E-9BD4-420F7E81E980}.Debug|Any CPU.ActiveCfg = Debug|Any CPU
		{8AC30CD7-20CC-475E-9BD4-420F7E81E980}.Debug|Any CPU.Build.0 = Debug|Any CPU
		{8AC30CD7-20CC-475E-9BD4-420F7E81E980}.Debug|x64.ActiveCfg = Debug|Any CPU
		{8AC30CD7-20CC-475E-9BD4-420F7E81E980}.Debug|x64.Build.0 = Debug|Any CPU
		{8AC30CD7-20CC-475E-9BD4-420F7E81E980}.Release|Any CPU.ActiveCfg = Release|Any CPU
		{8AC30CD7-20CC-475E-9BD4-420F7E81E980}.Release|Any CPU.Build.0 = Release|Any CPU
		{8AC30CD7-20CC-475E-9BD4-420F7E81E980}.Release|x64.ActiveCfg = Release|Any CPU
		{8AC30CD7-20CC-475E-9BD4-420F7E81E980}.Release|x64.Build.0 = Release|Any CPU
		{89F379E2-032A-40EC-BDE6-B92EE08BC90F}.Debug|Any CPU.ActiveCfg = Debug|Any CPU
		{89F379E2-032A-40EC-BDE6-B92EE08BC90F}.Debug|Any CPU.Build.0 = Debug|Any CPU
		{89F379E2-032A-40EC-BDE6-B92EE08BC90F}.Debug|x64.ActiveCfg = Debug|Any CPU
		{89F379E2-032A-40EC-BDE6-B92EE08BC90F}.Debug|x64.Build.0 = Debug|Any CPU
		{89F379E2-032A-40EC-BDE6-B92EE08BC90F}.Release|Any CPU.ActiveCfg = Release|Any CPU
		{89F379E2-032A-40EC-BDE6-B92EE08BC90F}.Release|Any CPU.Build.0 = Release|Any CPU
		{89F379E2-032A-40EC-BDE6-B92EE08BC90F}.Release|x64.ActiveCfg = Release|Any CPU
		{89F379E2-032A-40EC-BDE6-B92EE08BC90F}.Release|x64.Build.0 = Release|Any CPU
		{8484A105-4240-4CBA-AFB2-C0DA520E52BD}.Debug|Any CPU.ActiveCfg = Debug|Any CPU
		{8484A105-4240-4CBA-AFB2-C0DA520E52BD}.Debug|Any CPU.Build.0 = Debug|Any CPU
		{8484A105-4240-4CBA-AFB2-C0DA520E52BD}.Debug|x64.ActiveCfg = Debug|Any CPU
		{8484A105-4240-4CBA-AFB2-C0DA520E52BD}.Debug|x64.Build.0 = Debug|Any CPU
		{8484A105-4240-4CBA-AFB2-C0DA520E52BD}.Release|Any CPU.ActiveCfg = Release|Any CPU
		{8484A105-4240-4CBA-AFB2-C0DA520E52BD}.Release|Any CPU.Build.0 = Release|Any CPU
		{8484A105-4240-4CBA-AFB2-C0DA520E52BD}.Release|x64.ActiveCfg = Release|Any CPU
		{8484A105-4240-4CBA-AFB2-C0DA520E52BD}.Release|x64.Build.0 = Release|Any CPU
		{04E49931-8A26-4CB5-9716-A4253D518F4D}.Debug|Any CPU.ActiveCfg = Debug|x64
		{04E49931-8A26-4CB5-9716-A4253D518F4D}.Debug|Any CPU.Build.0 = Debug|x64
		{04E49931-8A26-4CB5-9716-A4253D518F4D}.Debug|Any CPU.Deploy.0 = Debug|x64
		{04E49931-8A26-4CB5-9716-A4253D518F4D}.Debug|x64.ActiveCfg = Debug|x64
		{04E49931-8A26-4CB5-9716-A4253D518F4D}.Debug|x64.Build.0 = Debug|x64
		{04E49931-8A26-4CB5-9716-A4253D518F4D}.Debug|x64.Deploy.0 = Debug|x64
		{04E49931-8A26-4CB5-9716-A4253D518F4D}.Release|Any CPU.ActiveCfg = Release|x64
		{04E49931-8A26-4CB5-9716-A4253D518F4D}.Release|x64.ActiveCfg = Release|x64
		{04E49931-8A26-4CB5-9716-A4253D518F4D}.Release|x64.Build.0 = Release|x64
		{04E49931-8A26-4CB5-9716-A4253D518F4D}.Release|x64.Deploy.0 = Release|x64
		{41447292-B1F8-4A53-8807-B433393E9AB4}.Debug|Any CPU.ActiveCfg = Debug|Any CPU
		{41447292-B1F8-4A53-8807-B433393E9AB4}.Debug|Any CPU.Build.0 = Debug|Any CPU
		{41447292-B1F8-4A53-8807-B433393E9AB4}.Debug|x64.ActiveCfg = Debug|Any CPU
		{41447292-B1F8-4A53-8807-B433393E9AB4}.Debug|x64.Build.0 = Debug|Any CPU
		{41447292-B1F8-4A53-8807-B433393E9AB4}.Release|Any CPU.ActiveCfg = Release|Any CPU
		{41447292-B1F8-4A53-8807-B433393E9AB4}.Release|Any CPU.Build.0 = Release|Any CPU
		{41447292-B1F8-4A53-8807-B433393E9AB4}.Release|x64.ActiveCfg = Release|Any CPU
		{41447292-B1F8-4A53-8807-B433393E9AB4}.Release|x64.Build.0 = Release|Any CPU
		{EB3326FE-6D98-4B20-93BA-D5480103381B}.Debug|Any CPU.ActiveCfg = Debug|Any CPU
		{EB3326FE-6D98-4B20-93BA-D5480103381B}.Debug|Any CPU.Build.0 = Debug|Any CPU
		{EB3326FE-6D98-4B20-93BA-D5480103381B}.Debug|x64.ActiveCfg = Debug|Any CPU
		{EB3326FE-6D98-4B20-93BA-D5480103381B}.Debug|x64.Build.0 = Debug|Any CPU
		{EB3326FE-6D98-4B20-93BA-D5480103381B}.Release|Any CPU.ActiveCfg = Release|Any CPU
		{EB3326FE-6D98-4B20-93BA-D5480103381B}.Release|Any CPU.Build.0 = Release|Any CPU
		{EB3326FE-6D98-4B20-93BA-D5480103381B}.Release|x64.ActiveCfg = Release|Any CPU
		{EB3326FE-6D98-4B20-93BA-D5480103381B}.Release|x64.Build.0 = Release|Any CPU
		{E2A82281-3646-4D38-8C6B-FD1FB48479E7}.Debug|Any CPU.ActiveCfg = Debug|Any CPU
		{E2A82281-3646-4D38-8C6B-FD1FB48479E7}.Debug|Any CPU.Build.0 = Debug|Any CPU
		{E2A82281-3646-4D38-8C6B-FD1FB48479E7}.Debug|x64.ActiveCfg = Debug|Any CPU
		{E2A82281-3646-4D38-8C6B-FD1FB48479E7}.Debug|x64.Build.0 = Debug|Any CPU
		{E2A82281-3646-4D38-8C6B-FD1FB48479E7}.Release|Any CPU.ActiveCfg = Release|Any CPU
		{E2A82281-3646-4D38-8C6B-FD1FB48479E7}.Release|Any CPU.Build.0 = Release|Any CPU
		{E2A82281-3646-4D38-8C6B-FD1FB48479E7}.Release|x64.ActiveCfg = Release|Any CPU
		{E2A82281-3646-4D38-8C6B-FD1FB48479E7}.Release|x64.Build.0 = Release|Any CPU
		{399D7D49-C328-4AE4-A665-4F69893AADF8}.Debug|Any CPU.ActiveCfg = Debug|Any CPU
		{399D7D49-C328-4AE4-A665-4F69893AADF8}.Debug|Any CPU.Build.0 = Debug|Any CPU
		{399D7D49-C328-4AE4-A665-4F69893AADF8}.Debug|x64.ActiveCfg = Debug|Any CPU
		{399D7D49-C328-4AE4-A665-4F69893AADF8}.Debug|x64.Build.0 = Debug|Any CPU
		{399D7D49-C328-4AE4-A665-4F69893AADF8}.Release|Any CPU.ActiveCfg = Release|Any CPU
		{399D7D49-C328-4AE4-A665-4F69893AADF8}.Release|Any CPU.Build.0 = Release|Any CPU
		{399D7D49-C328-4AE4-A665-4F69893AADF8}.Release|x64.ActiveCfg = Release|Any CPU
		{399D7D49-C328-4AE4-A665-4F69893AADF8}.Release|x64.Build.0 = Release|Any CPU
		{23835876-00D1-43E8-85CD-F1C33DA87FB9}.Debug|Any CPU.ActiveCfg = Debug|Any CPU
		{23835876-00D1-43E8-85CD-F1C33DA87FB9}.Debug|Any CPU.Build.0 = Debug|Any CPU
		{23835876-00D1-43E8-85CD-F1C33DA87FB9}.Debug|x64.ActiveCfg = Debug|Any CPU
		{23835876-00D1-43E8-85CD-F1C33DA87FB9}.Debug|x64.Build.0 = Debug|Any CPU
		{23835876-00D1-43E8-85CD-F1C33DA87FB9}.Release|Any CPU.ActiveCfg = Release|Any CPU
		{23835876-00D1-43E8-85CD-F1C33DA87FB9}.Release|Any CPU.Build.0 = Release|Any CPU
		{23835876-00D1-43E8-85CD-F1C33DA87FB9}.Release|x64.ActiveCfg = Release|Any CPU
		{23835876-00D1-43E8-85CD-F1C33DA87FB9}.Release|x64.Build.0 = Release|Any CPU
		{18010E48-B76B-45E4-AF9C-976A572AC577}.Debug|Any CPU.ActiveCfg = Debug|Any CPU
		{18010E48-B76B-45E4-AF9C-976A572AC577}.Debug|Any CPU.Build.0 = Debug|Any CPU
		{18010E48-B76B-45E4-AF9C-976A572AC577}.Debug|x64.ActiveCfg = Debug|Any CPU
		{18010E48-B76B-45E4-AF9C-976A572AC577}.Debug|x64.Build.0 = Debug|Any CPU
		{18010E48-B76B-45E4-AF9C-976A572AC577}.Release|Any CPU.ActiveCfg = Release|Any CPU
		{18010E48-B76B-45E4-AF9C-976A572AC577}.Release|Any CPU.Build.0 = Release|Any CPU
		{18010E48-B76B-45E4-AF9C-976A572AC577}.Release|x64.ActiveCfg = Release|Any CPU
		{18010E48-B76B-45E4-AF9C-976A572AC577}.Release|x64.Build.0 = Release|Any CPU
		{CD90D375-B077-4A29-B5D4-B8BCFBA262A5}.Debug|Any CPU.ActiveCfg = Debug|x64
		{CD90D375-B077-4A29-B5D4-B8BCFBA262A5}.Debug|Any CPU.Build.0 = Debug|x64
		{CD90D375-B077-4A29-B5D4-B8BCFBA262A5}.Debug|Any CPU.Deploy.0 = Debug|x64
		{CD90D375-B077-4A29-B5D4-B8BCFBA262A5}.Debug|x64.ActiveCfg = Debug|x64
		{CD90D375-B077-4A29-B5D4-B8BCFBA262A5}.Debug|x64.Build.0 = Debug|x64
		{CD90D375-B077-4A29-B5D4-B8BCFBA262A5}.Debug|x64.Deploy.0 = Debug|x64
		{CD90D375-B077-4A29-B5D4-B8BCFBA262A5}.Release|Any CPU.ActiveCfg = Release|x64
		{CD90D375-B077-4A29-B5D4-B8BCFBA262A5}.Release|x64.ActiveCfg = Release|x64
		{CD90D375-B077-4A29-B5D4-B8BCFBA262A5}.Release|x64.Build.0 = Release|x64
		{CD90D375-B077-4A29-B5D4-B8BCFBA262A5}.Release|x64.Deploy.0 = Release|x64
		{F078E47F-A0A2-49B7-8759-35074F540BDD}.Debug|Any CPU.ActiveCfg = Debug|Any CPU
		{F078E47F-A0A2-49B7-8759-35074F540BDD}.Debug|Any CPU.Build.0 = Debug|Any CPU
		{F078E47F-A0A2-49B7-8759-35074F540BDD}.Debug|x64.ActiveCfg = Debug|Any CPU
		{F078E47F-A0A2-49B7-8759-35074F540BDD}.Debug|x64.Build.0 = Debug|Any CPU
		{F078E47F-A0A2-49B7-8759-35074F540BDD}.Release|Any CPU.ActiveCfg = Release|Any CPU
		{F078E47F-A0A2-49B7-8759-35074F540BDD}.Release|Any CPU.Build.0 = Release|Any CPU
		{F078E47F-A0A2-49B7-8759-35074F540BDD}.Release|x64.ActiveCfg = Release|Any CPU
		{F078E47F-A0A2-49B7-8759-35074F540BDD}.Release|x64.Build.0 = Release|Any CPU
		{4A5C8418-A4DF-4235-853A-703556BC2628}.Debug|Any CPU.ActiveCfg = Debug|Any CPU
		{4A5C8418-A4DF-4235-853A-703556BC2628}.Debug|Any CPU.Build.0 = Debug|Any CPU
		{4A5C8418-A4DF-4235-853A-703556BC2628}.Debug|x64.ActiveCfg = Debug|Any CPU
		{4A5C8418-A4DF-4235-853A-703556BC2628}.Debug|x64.Build.0 = Debug|Any CPU
		{4A5C8418-A4DF-4235-853A-703556BC2628}.Release|Any CPU.ActiveCfg = Release|Any CPU
		{4A5C8418-A4DF-4235-853A-703556BC2628}.Release|Any CPU.Build.0 = Release|Any CPU
		{4A5C8418-A4DF-4235-853A-703556BC2628}.Release|x64.ActiveCfg = Release|Any CPU
		{4A5C8418-A4DF-4235-853A-703556BC2628}.Release|x64.Build.0 = Release|Any CPU
		{CD073D67-D147-4EB8-8AB8-FFA0A6A971A0}.Debug|Any CPU.ActiveCfg = Debug|Any CPU
		{CD073D67-D147-4EB8-8AB8-FFA0A6A971A0}.Debug|Any CPU.Build.0 = Debug|Any CPU
		{CD073D67-D147-4EB8-8AB8-FFA0A6A971A0}.Debug|x64.ActiveCfg = Debug|Any CPU
		{CD073D67-D147-4EB8-8AB8-FFA0A6A971A0}.Debug|x64.Build.0 = Debug|Any CPU
		{CD073D67-D147-4EB8-8AB8-FFA0A6A971A0}.Release|Any CPU.ActiveCfg = Release|Any CPU
		{CD073D67-D147-4EB8-8AB8-FFA0A6A971A0}.Release|Any CPU.Build.0 = Release|Any CPU
		{CD073D67-D147-4EB8-8AB8-FFA0A6A971A0}.Release|x64.ActiveCfg = Release|Any CPU
		{CD073D67-D147-4EB8-8AB8-FFA0A6A971A0}.Release|x64.Build.0 = Release|Any CPU
		{06D24626-497E-455A-B38C-83E8334AC5A9}.Debug|Any CPU.ActiveCfg = Debug|Any CPU
		{06D24626-497E-455A-B38C-83E8334AC5A9}.Debug|Any CPU.Build.0 = Debug|Any CPU
		{06D24626-497E-455A-B38C-83E8334AC5A9}.Debug|x64.ActiveCfg = Debug|Any CPU
		{06D24626-497E-455A-B38C-83E8334AC5A9}.Debug|x64.Build.0 = Debug|Any CPU
		{06D24626-497E-455A-B38C-83E8334AC5A9}.Release|Any CPU.ActiveCfg = Release|Any CPU
		{06D24626-497E-455A-B38C-83E8334AC5A9}.Release|Any CPU.Build.0 = Release|Any CPU
		{06D24626-497E-455A-B38C-83E8334AC5A9}.Release|x64.ActiveCfg = Release|Any CPU
		{06D24626-497E-455A-B38C-83E8334AC5A9}.Release|x64.Build.0 = Release|Any CPU
		{11DFD25F-521A-471B-B3DB-4EA57BE62B55}.Debug|Any CPU.ActiveCfg = Debug|Any CPU
		{11DFD25F-521A-471B-B3DB-4EA57BE62B55}.Debug|Any CPU.Build.0 = Debug|Any CPU
		{11DFD25F-521A-471B-B3DB-4EA57BE62B55}.Debug|x64.ActiveCfg = Debug|Any CPU
		{11DFD25F-521A-471B-B3DB-4EA57BE62B55}.Debug|x64.Build.0 = Debug|Any CPU
		{11DFD25F-521A-471B-B3DB-4EA57BE62B55}.Release|Any CPU.ActiveCfg = Release|Any CPU
		{11DFD25F-521A-471B-B3DB-4EA57BE62B55}.Release|Any CPU.Build.0 = Release|Any CPU
		{11DFD25F-521A-471B-B3DB-4EA57BE62B55}.Release|x64.ActiveCfg = Release|Any CPU
		{11DFD25F-521A-471B-B3DB-4EA57BE62B55}.Release|x64.Build.0 = Release|Any CPU
	EndGlobalSection
	GlobalSection(SolutionProperties) = preSolution
		HideSolutionNode = FALSE
	EndGlobalSection
	GlobalSection(NestedProjects) = preSolution
		{FCAA3F86-D2C1-43B7-A048-5FE388E4AAA0} = {0CA32AC5-24E0-4D96-9D31-AA51556A64D5}
		{62B63149-AB8F-49AC-9764-168407963192} = {0CA32AC5-24E0-4D96-9D31-AA51556A64D5}
		{F63F1E0D-03B8-447A-910B-D7990D2E480A} = {0CA32AC5-24E0-4D96-9D31-AA51556A64D5}
		{2E8678D2-8E3F-4418-A6C2-ECC241B41F60} = {0CA32AC5-24E0-4D96-9D31-AA51556A64D5}
		{21918F17-1310-4276-BEF5-64243F9E0C31} = {0CA32AC5-24E0-4D96-9D31-AA51556A64D5}
		{8B80DADD-5311-4CA0-9274-9F044A38185E} = {0CA32AC5-24E0-4D96-9D31-AA51556A64D5}
		{07A36781-D09B-4CF9-8D0B-80BB929FE535} = {213651BD-07BA-4A57-B1BE-CF4A649BA069}
		{B390568E-DAFF-4ED3-99B6-3914491D4F54} = {0CA32AC5-24E0-4D96-9D31-AA51556A64D5}
		{061DB3B8-47DC-4F5E-9B0C-5370D13A3362} = {0CA32AC5-24E0-4D96-9D31-AA51556A64D5}
		{B6569426-98BA-4BC0-8CD3-737E8316486F} = {0CA32AC5-24E0-4D96-9D31-AA51556A64D5}
		{F3DE46FC-6184-42CA-9C84-DA08ED4FFB4C} = {FCAA3F86-D2C1-43B7-A048-5FE388E4AAA0}
		{F5E5076C-689A-4D3D-B5CB-585E7DC514BE} = {FCAA3F86-D2C1-43B7-A048-5FE388E4AAA0}
		{A17B6FE2-0A12-46C9-B9DB-866D68557D8D} = {FCAA3F86-D2C1-43B7-A048-5FE388E4AAA0}
		{9D21C169-F999-45CD-B181-78437B2D01FD} = {205CA299-AED1-4F0B-971A-15CCD398A597}
		{9B9BD445-2EFA-4C01-9092-15A54111BE3B} = {205CA299-AED1-4F0B-971A-15CCD398A597}
		{A5C32B77-E094-43D4-8EBC-7859BE3DB3FA} = {205CA299-AED1-4F0B-971A-15CCD398A597}
		{34178533-719E-43AF-B1D6-0EF616261F45} = {A5C32B77-E094-43D4-8EBC-7859BE3DB3FA}
		{9E632A4C-5335-4E21-9FF6-FFB1F92133A0} = {A5C32B77-E094-43D4-8EBC-7859BE3DB3FA}
		{58746D22-1336-4EA0-8651-B107471E4035} = {4E8FE42B-FEC2-44AD-90C6-AE0B041C9CFD}
		{CDA84663-1871-4464-BB23-E9665F216C49} = {205CA299-AED1-4F0B-971A-15CCD398A597}
		{853EEF4B-8D82-42D2-89CC-A384BFFF33D3} = {205CA299-AED1-4F0B-971A-15CCD398A597}
		{43861469-71A2-4128-B35A-FB680F1E8BCA} = {205CA299-AED1-4F0B-971A-15CCD398A597}
		{906D925F-EDA0-44A6-B276-E32E87230F69} = {205CA299-AED1-4F0B-971A-15CCD398A597}
		{2555473F-D8BA-4046-85C8-9A97F58CA87E} = {CE13B0C9-B716-4E9A-9563-95DAD13BD5DF}
		{5AFE0AF0-5AA4-42DF-A3CC-826C839B080B} = {CE13B0C9-B716-4E9A-9563-95DAD13BD5DF}
		{AF88EE53-5893-463D-A58C-A06C2AEA2142} = {CE13B0C9-B716-4E9A-9563-95DAD13BD5DF}
		{C3EF92C3-6801-4A32-B749-6F543A55C057} = {CE13B0C9-B716-4E9A-9563-95DAD13BD5DF}
		{0CADEEC6-9458-4055-BD0D-002C52371E6E} = {CE13B0C9-B716-4E9A-9563-95DAD13BD5DF}
		{FF18E687-BC0D-4A9B-9D14-6CFF0799B8C2} = {CE13B0C9-B716-4E9A-9563-95DAD13BD5DF}
		{F41ED226-C11E-44C3-825A-C40143F0FEF9} = {CE13B0C9-B716-4E9A-9563-95DAD13BD5DF}
		{FC5B5DBC-D0D1-40B5-A5B5-25EA0D4BBDA3} = {CE13B0C9-B716-4E9A-9563-95DAD13BD5DF}
		{9407BB49-BBCB-4A56-AD2A-F6BF29441C6F} = {CE13B0C9-B716-4E9A-9563-95DAD13BD5DF}
		{9C46D571-25F1-4459-A302-23DA2CFEEEAB} = {9407BB49-BBCB-4A56-AD2A-F6BF29441C6F}
		{B87045E0-20B4-45F1-8EC9-B0B6A0D9FFBB} = {9407BB49-BBCB-4A56-AD2A-F6BF29441C6F}
		{07F37F45-2C22-4BC4-B582-2B5CF98B8999} = {9407BB49-BBCB-4A56-AD2A-F6BF29441C6F}
		{4B68975C-D247-4BFC-A186-55FC793D107F} = {213651BD-07BA-4A57-B1BE-CF4A649BA069}
		{8AC30CD7-20CC-475E-9BD4-420F7E81E980} = {213651BD-07BA-4A57-B1BE-CF4A649BA069}
		{89F379E2-032A-40EC-BDE6-B92EE08BC90F} = {213651BD-07BA-4A57-B1BE-CF4A649BA069}
		{8484A105-4240-4CBA-AFB2-C0DA520E52BD} = {213651BD-07BA-4A57-B1BE-CF4A649BA069}
		{04E49931-8A26-4CB5-9716-A4253D518F4D} = {213651BD-07BA-4A57-B1BE-CF4A649BA069}
		{7435FC0F-53B7-44B4-BE0E-956122B56545} = {213651BD-07BA-4A57-B1BE-CF4A649BA069}
		{41447292-B1F8-4A53-8807-B433393E9AB4} = {7435FC0F-53B7-44B4-BE0E-956122B56545}
		{EB3326FE-6D98-4B20-93BA-D5480103381B} = {7435FC0F-53B7-44B4-BE0E-956122B56545}
		{E2A82281-3646-4D38-8C6B-FD1FB48479E7} = {7435FC0F-53B7-44B4-BE0E-956122B56545}
		{69BB58AE-057E-4AEB-86CC-B087C1A470BF} = {4E8FE42B-FEC2-44AD-90C6-AE0B041C9CFD}
		{399D7D49-C328-4AE4-A665-4F69893AADF8} = {4E8FE42B-FEC2-44AD-90C6-AE0B041C9CFD}
		{23835876-00D1-43E8-85CD-F1C33DA87FB9} = {4E8FE42B-FEC2-44AD-90C6-AE0B041C9CFD}
		{18010E48-B76B-45E4-AF9C-976A572AC577} = {4E8FE42B-FEC2-44AD-90C6-AE0B041C9CFD}
		{CD90D375-B077-4A29-B5D4-B8BCFBA262A5} = {4E8FE42B-FEC2-44AD-90C6-AE0B041C9CFD}
		{F078E47F-A0A2-49B7-8759-35074F540BDD} = {69BB58AE-057E-4AEB-86CC-B087C1A470BF}
		{4A5C8418-A4DF-4235-853A-703556BC2628} = {69BB58AE-057E-4AEB-86CC-B087C1A470BF}
		{CD073D67-D147-4EB8-8AB8-FFA0A6A971A0} = {69BB58AE-057E-4AEB-86CC-B087C1A470BF}
		{11DFD25F-521A-471B-B3DB-4EA57BE62B55} = {A5C32B77-E094-43D4-8EBC-7859BE3DB3FA}
	EndGlobalSection
	GlobalSection(ExtensibilityGlobals) = postSolution
		SolutionGuid = {4E9E6D1E-3C3C-41C9-AED4-9B6DC9118F1F}
	EndGlobalSection
EndGlobal