
Microsoft Visual Studio Solution File, Format Version 12.00
# Visual Studio 15
VisualStudioVersion = 15.0.27703.2035
MinimumVisualStudioVersion = 10.0.40219.1
Project("{9A19103F-16F7-4668-BE54-9A1E7A4F7556}") = "SFA.DAS.Payments.Core", "SFA.DAS.Payments.Core\SFA.DAS.Payments.Core.csproj", "{F6E38368-C397-488B-B041-D3E8423C1CE1}"
EndProject
Project("{9A19103F-16F7-4668-BE54-9A1E7A4F7556}") = "SFA.DAS.Payments.Messages.Core", "SFA.DAS.Payments.Messages.Core\SFA.DAS.Payments.Messages.Core.csproj", "{678E5D09-C96D-49CC-811F-78DDCB37A474}"
EndProject
Project("{2150E333-8FDC-42A3-9474-1A3956D46DE8}") = "RequiredPayments", "RequiredPayments", "{0CA32AC5-24E0-4D96-9D31-AA51556A64D5}"
EndProject
Project("{2150E333-8FDC-42A3-9474-1A3956D46DE8}") = "Tests", "Tests", "{FCAA3F86-D2C1-43B7-A048-5FE388E4AAA0}"
EndProject
Project("{9A19103F-16F7-4668-BE54-9A1E7A4F7556}") = "SFA.DAS.Payments.RequiredPayments.Application", "SFA.DAS.Payments.RequiredPayments.Application\SFA.DAS.Payments.RequiredPayments.Application.csproj", "{62B63149-AB8F-49AC-9764-168407963192}"
EndProject
Project("{9A19103F-16F7-4668-BE54-9A1E7A4F7556}") = "SFA.DAS.Payments.RequiredPayments.Domain", "SFA.DAS.Payments.RequiredPayments.Domain\SFA.DAS.Payments.RequiredPayments.Domain.csproj", "{F63F1E0D-03B8-447A-910B-D7990D2E480A}"
EndProject
Project("{9A19103F-16F7-4668-BE54-9A1E7A4F7556}") = "SFA.DAS.Payments.RequiredPayments.Model", "SFA.DAS.Payments.RequiredPayments.Model\SFA.DAS.Payments.RequiredPayments.Model.csproj", "{2E8678D2-8E3F-4418-A6C2-ECC241B41F60}"
EndProject
Project("{9A19103F-16F7-4668-BE54-9A1E7A4F7556}") = "SFA.DAS.Payments.RequiredPayments.Messages", "SFA.DAS.Payments.RequiredPayments.Messages\SFA.DAS.Payments.RequiredPayments.Messages.csproj", "{21918F17-1310-4276-BEF5-64243F9E0C31}"
EndProject
Project("{2150E333-8FDC-42A3-9474-1A3956D46DE8}") = "DataLocks", "DataLocks", "{45300BA0-FCE3-41CA-8BC0-FDBFF89352F3}"
EndProject
Project("{2150E333-8FDC-42A3-9474-1A3956D46DE8}") = "EarningEvents", "EarningEvents", "{213651BD-07BA-4A57-B1BE-CF4A649BA069}"
EndProject
Project("{A07B5EB6-E848-4116-A8D0-A826331D98C6}") = "SFA.DAS.Payments.RequiredPayments.ServiceFabric", "SFA.DAS.Payments.RequiredPayments.ServiceFabric\SFA.DAS.Payments.RequiredPayments.ServiceFabric.sfproj", "{8B80DADD-5311-4CA0-9274-9F044A38185E}"
EndProject
Project("{9A19103F-16F7-4668-BE54-9A1E7A4F7556}") = "SFA.DAS.Payments.EarningEvents.Messages", "SFA.DAS.Payments.EarningEvents.Messages\SFA.DAS.Payments.EarningEvents.Messages.csproj", "{07A36781-D09B-4CF9-8D0B-80BB929FE535}"
EndProject
Project("{9A19103F-16F7-4668-BE54-9A1E7A4F7556}") = "SFA.DAS.Payments.ServiceFabric.Core", "SFA.DAS.Payments.Service.Core\SFA.DAS.Payments.ServiceFabric.Core.csproj", "{A1FA6CCE-21AC-41D8-8678-460FD8AE8C8A}"
EndProject
Project("{9A19103F-16F7-4668-BE54-9A1E7A4F7556}") = "SFA.DAS.Payments.RequiredPayments.RequiredPaymentsService", "SFA.DAS.Payments.RequiredPayments.RequiredPaymentsService\SFA.DAS.Payments.RequiredPayments.RequiredPaymentsService.csproj", "{B390568E-DAFF-4ED3-99B6-3914491D4F54}"
EndProject
Project("{9A19103F-16F7-4668-BE54-9A1E7A4F7556}") = "SFA.DAS.Payments.RequiredPayments.RequiredPaymentsService.Interfaces", "SFA.DAS.Payments.RequiredPayments.RequiredPaymentsService.Interfaces\SFA.DAS.Payments.RequiredPayments.RequiredPaymentsService.Interfaces.csproj", "{061DB3B8-47DC-4F5E-9B0C-5370D13A3362}"
EndProject
Project("{9A19103F-16F7-4668-BE54-9A1E7A4F7556}") = "SFA.DAS.Payments.RequiredPayments.RequiredPaymentsProxyService", "SFA.DAS.Payments.RequiredPayments.RequiredPaymentsProxyService\SFA.DAS.Payments.RequiredPayments.RequiredPaymentsProxyService.csproj", "{B6569426-98BA-4BC0-8CD3-737E8316486F}"
EndProject
Project("{9A19103F-16F7-4668-BE54-9A1E7A4F7556}") = "SFA.DAS.Payments.RequiredPayments.UnitTests", "SFA.DAS.Payments.RequiredPayments.UnitTests\SFA.DAS.Payments.RequiredPayments.UnitTests.csproj", "{414365CA-E6B7-42C0-8B5B-1ED0CA0A7104}"
EndProject
Project("{FAE04EC0-301F-11D3-BF4B-00C04F79EFBC}") = "SFA.DAS.Payments.RequiredPayments.AcceptanceTests", "SFA.DAS.Payments.RequiredPayments.AcceptanceTests\SFA.DAS.Payments.RequiredPayments.AcceptanceTests.csproj", "{F3DE46FC-6184-42CA-9C84-DA08ED4FFB4C}"
EndProject
Project("{9A19103F-16F7-4668-BE54-9A1E7A4F7556}") = "SFA.DAS.Payments.RequiredPayments.Domain.UnitTests", "SFA.DAS.Payments.RequiredPayments.Domain.UnitTests\SFA.DAS.Payments.RequiredPayments.Domain.UnitTests.csproj", "{F5E5076C-689A-4D3D-B5CB-585E7DC514BE}"
EndProject
Project("{9A19103F-16F7-4668-BE54-9A1E7A4F7556}") = "SFA.DAS.Payments.RequiredPayments.Application.UnitTests", "SFA.DAS.Payments.RequiredPayments.Application.UnitTests\SFA.DAS.Payments.RequiredPayments.Application.UnitTests.csproj", "{A17B6FE2-0A12-46C9-B9DB-866D68557D8D}"
EndProject
Project("{2150E333-8FDC-42A3-9474-1A3956D46DE8}") = "ProviderPayments", "ProviderPayments", "{CE13B0C9-B716-4E9A-9563-95DAD13BD5DF}"
EndProject
Project("{9A19103F-16F7-4668-BE54-9A1E7A4F7556}") = "SFA.DAS.Payments.Application", "SFA.DAS.Payments.Application\SFA.DAS.Payments.Application.csproj", "{23551CD8-7554-4F2C-9B42-A67B9E0C261D}"
EndProject
Project("{2150E333-8FDC-42A3-9474-1A3956D46DE8}") = "PaymentSource", "PaymentSource", "{33306D87-2926-4AC3-A798-9A76A0D57AE1}"
EndProject
Project("{2150E333-8FDC-42A3-9474-1A3956D46DE8}") = "Tests", "Tests", "{618F674D-0645-45FC-B342-2155D3193DA9}"
EndProject
Project("{FAE04EC0-301F-11D3-BF4B-00C04F79EFBC}") = "SFA.DAS.Payments.PaymentSource.AcceptanceTests", "SFA.DAS.Payments.PaymentSource.AcceptanceTests\SFA.DAS.Payments.PaymentSource.AcceptanceTests.csproj", "{686FEF2B-2B88-49CA-868A-C9FE55D6EDCD}"
EndProject
Project("{FAE04EC0-301F-11D3-BF4B-00C04F79EFBC}") = "SFA.DAS.Payments.Tests.Core", "SFA.DAS.Payments.Tests.Core\SFA.DAS.Payments.Tests.Core.csproj", "{BD81705A-7BA9-4016-A976-716905AC9B3B}"
EndProject
Global
	GlobalSection(SolutionConfigurationPlatforms) = preSolution
		Debug|Any CPU = Debug|Any CPU
		Debug|x64 = Debug|x64
		Release|Any CPU = Release|Any CPU
		Release|x64 = Release|x64
	EndGlobalSection
	GlobalSection(ProjectConfigurationPlatforms) = postSolution
		{F6E38368-C397-488B-B041-D3E8423C1CE1}.Debug|Any CPU.ActiveCfg = Debug|Any CPU
		{F6E38368-C397-488B-B041-D3E8423C1CE1}.Debug|Any CPU.Build.0 = Debug|Any CPU
		{F6E38368-C397-488B-B041-D3E8423C1CE1}.Debug|x64.ActiveCfg = Debug|Any CPU
		{F6E38368-C397-488B-B041-D3E8423C1CE1}.Debug|x64.Build.0 = Debug|Any CPU
		{F6E38368-C397-488B-B041-D3E8423C1CE1}.Release|Any CPU.ActiveCfg = Release|Any CPU
		{F6E38368-C397-488B-B041-D3E8423C1CE1}.Release|Any CPU.Build.0 = Release|Any CPU
		{F6E38368-C397-488B-B041-D3E8423C1CE1}.Release|x64.ActiveCfg = Release|Any CPU
		{F6E38368-C397-488B-B041-D3E8423C1CE1}.Release|x64.Build.0 = Release|Any CPU
		{678E5D09-C96D-49CC-811F-78DDCB37A474}.Debug|Any CPU.ActiveCfg = Debug|Any CPU
		{678E5D09-C96D-49CC-811F-78DDCB37A474}.Debug|Any CPU.Build.0 = Debug|Any CPU
		{678E5D09-C96D-49CC-811F-78DDCB37A474}.Debug|x64.ActiveCfg = Debug|Any CPU
		{678E5D09-C96D-49CC-811F-78DDCB37A474}.Debug|x64.Build.0 = Debug|Any CPU
		{678E5D09-C96D-49CC-811F-78DDCB37A474}.Release|Any CPU.ActiveCfg = Release|Any CPU
		{678E5D09-C96D-49CC-811F-78DDCB37A474}.Release|Any CPU.Build.0 = Release|Any CPU
		{678E5D09-C96D-49CC-811F-78DDCB37A474}.Release|x64.ActiveCfg = Release|Any CPU
		{678E5D09-C96D-49CC-811F-78DDCB37A474}.Release|x64.Build.0 = Release|Any CPU
		{62B63149-AB8F-49AC-9764-168407963192}.Debug|Any CPU.ActiveCfg = Debug|Any CPU
		{62B63149-AB8F-49AC-9764-168407963192}.Debug|Any CPU.Build.0 = Debug|Any CPU
		{62B63149-AB8F-49AC-9764-168407963192}.Debug|x64.ActiveCfg = Debug|Any CPU
		{62B63149-AB8F-49AC-9764-168407963192}.Debug|x64.Build.0 = Debug|Any CPU
		{62B63149-AB8F-49AC-9764-168407963192}.Release|Any CPU.ActiveCfg = Release|Any CPU
		{62B63149-AB8F-49AC-9764-168407963192}.Release|Any CPU.Build.0 = Release|Any CPU
		{62B63149-AB8F-49AC-9764-168407963192}.Release|x64.ActiveCfg = Release|Any CPU
		{62B63149-AB8F-49AC-9764-168407963192}.Release|x64.Build.0 = Release|Any CPU
		{F63F1E0D-03B8-447A-910B-D7990D2E480A}.Debug|Any CPU.ActiveCfg = Debug|Any CPU
		{F63F1E0D-03B8-447A-910B-D7990D2E480A}.Debug|Any CPU.Build.0 = Debug|Any CPU
		{F63F1E0D-03B8-447A-910B-D7990D2E480A}.Debug|x64.ActiveCfg = Debug|Any CPU
		{F63F1E0D-03B8-447A-910B-D7990D2E480A}.Debug|x64.Build.0 = Debug|Any CPU
		{F63F1E0D-03B8-447A-910B-D7990D2E480A}.Release|Any CPU.ActiveCfg = Release|Any CPU
		{F63F1E0D-03B8-447A-910B-D7990D2E480A}.Release|Any CPU.Build.0 = Release|Any CPU
		{F63F1E0D-03B8-447A-910B-D7990D2E480A}.Release|x64.ActiveCfg = Release|Any CPU
		{F63F1E0D-03B8-447A-910B-D7990D2E480A}.Release|x64.Build.0 = Release|Any CPU
		{2E8678D2-8E3F-4418-A6C2-ECC241B41F60}.Debug|Any CPU.ActiveCfg = Debug|Any CPU
		{2E8678D2-8E3F-4418-A6C2-ECC241B41F60}.Debug|Any CPU.Build.0 = Debug|Any CPU
		{2E8678D2-8E3F-4418-A6C2-ECC241B41F60}.Debug|x64.ActiveCfg = Debug|Any CPU
		{2E8678D2-8E3F-4418-A6C2-ECC241B41F60}.Debug|x64.Build.0 = Debug|Any CPU
		{2E8678D2-8E3F-4418-A6C2-ECC241B41F60}.Release|Any CPU.ActiveCfg = Release|Any CPU
		{2E8678D2-8E3F-4418-A6C2-ECC241B41F60}.Release|Any CPU.Build.0 = Release|Any CPU
		{2E8678D2-8E3F-4418-A6C2-ECC241B41F60}.Release|x64.ActiveCfg = Release|Any CPU
		{2E8678D2-8E3F-4418-A6C2-ECC241B41F60}.Release|x64.Build.0 = Release|Any CPU
		{21918F17-1310-4276-BEF5-64243F9E0C31}.Debug|Any CPU.ActiveCfg = Debug|Any CPU
		{21918F17-1310-4276-BEF5-64243F9E0C31}.Debug|Any CPU.Build.0 = Debug|Any CPU
		{21918F17-1310-4276-BEF5-64243F9E0C31}.Debug|x64.ActiveCfg = Debug|Any CPU
		{21918F17-1310-4276-BEF5-64243F9E0C31}.Debug|x64.Build.0 = Debug|Any CPU
		{21918F17-1310-4276-BEF5-64243F9E0C31}.Release|Any CPU.ActiveCfg = Release|Any CPU
		{21918F17-1310-4276-BEF5-64243F9E0C31}.Release|Any CPU.Build.0 = Release|Any CPU
		{21918F17-1310-4276-BEF5-64243F9E0C31}.Release|x64.ActiveCfg = Release|Any CPU
		{21918F17-1310-4276-BEF5-64243F9E0C31}.Release|x64.Build.0 = Release|Any CPU
		{8B80DADD-5311-4CA0-9274-9F044A38185E}.Debug|Any CPU.ActiveCfg = Debug|x64
		{8B80DADD-5311-4CA0-9274-9F044A38185E}.Debug|Any CPU.Build.0 = Debug|x64
		{8B80DADD-5311-4CA0-9274-9F044A38185E}.Debug|Any CPU.Deploy.0 = Debug|x64
		{8B80DADD-5311-4CA0-9274-9F044A38185E}.Debug|x64.ActiveCfg = Debug|x64
		{8B80DADD-5311-4CA0-9274-9F044A38185E}.Debug|x64.Build.0 = Debug|x64
		{8B80DADD-5311-4CA0-9274-9F044A38185E}.Debug|x64.Deploy.0 = Debug|x64
		{8B80DADD-5311-4CA0-9274-9F044A38185E}.Release|Any CPU.ActiveCfg = Release|x64
		{8B80DADD-5311-4CA0-9274-9F044A38185E}.Release|x64.ActiveCfg = Release|x64
		{8B80DADD-5311-4CA0-9274-9F044A38185E}.Release|x64.Build.0 = Release|x64
		{8B80DADD-5311-4CA0-9274-9F044A38185E}.Release|x64.Deploy.0 = Release|x64
		{07A36781-D09B-4CF9-8D0B-80BB929FE535}.Debug|Any CPU.ActiveCfg = Debug|Any CPU
		{07A36781-D09B-4CF9-8D0B-80BB929FE535}.Debug|Any CPU.Build.0 = Debug|Any CPU
		{07A36781-D09B-4CF9-8D0B-80BB929FE535}.Debug|x64.ActiveCfg = Debug|Any CPU
		{07A36781-D09B-4CF9-8D0B-80BB929FE535}.Debug|x64.Build.0 = Debug|Any CPU
		{07A36781-D09B-4CF9-8D0B-80BB929FE535}.Release|Any CPU.ActiveCfg = Release|Any CPU
		{07A36781-D09B-4CF9-8D0B-80BB929FE535}.Release|Any CPU.Build.0 = Release|Any CPU
		{07A36781-D09B-4CF9-8D0B-80BB929FE535}.Release|x64.ActiveCfg = Release|Any CPU
		{07A36781-D09B-4CF9-8D0B-80BB929FE535}.Release|x64.Build.0 = Release|Any CPU
		{A1FA6CCE-21AC-41D8-8678-460FD8AE8C8A}.Debug|Any CPU.ActiveCfg = Debug|Any CPU
		{A1FA6CCE-21AC-41D8-8678-460FD8AE8C8A}.Debug|Any CPU.Build.0 = Debug|Any CPU
		{A1FA6CCE-21AC-41D8-8678-460FD8AE8C8A}.Debug|x64.ActiveCfg = Debug|Any CPU
		{A1FA6CCE-21AC-41D8-8678-460FD8AE8C8A}.Debug|x64.Build.0 = Debug|Any CPU
		{A1FA6CCE-21AC-41D8-8678-460FD8AE8C8A}.Release|Any CPU.ActiveCfg = Release|Any CPU
		{A1FA6CCE-21AC-41D8-8678-460FD8AE8C8A}.Release|Any CPU.Build.0 = Release|Any CPU
		{A1FA6CCE-21AC-41D8-8678-460FD8AE8C8A}.Release|x64.ActiveCfg = Release|Any CPU
		{A1FA6CCE-21AC-41D8-8678-460FD8AE8C8A}.Release|x64.Build.0 = Release|Any CPU
		{B390568E-DAFF-4ED3-99B6-3914491D4F54}.Debug|Any CPU.ActiveCfg = Debug|Any CPU
		{B390568E-DAFF-4ED3-99B6-3914491D4F54}.Debug|Any CPU.Build.0 = Debug|Any CPU
		{B390568E-DAFF-4ED3-99B6-3914491D4F54}.Debug|x64.ActiveCfg = Debug|Any CPU
		{B390568E-DAFF-4ED3-99B6-3914491D4F54}.Debug|x64.Build.0 = Debug|Any CPU
		{B390568E-DAFF-4ED3-99B6-3914491D4F54}.Release|Any CPU.ActiveCfg = Release|Any CPU
		{B390568E-DAFF-4ED3-99B6-3914491D4F54}.Release|Any CPU.Build.0 = Release|Any CPU
		{B390568E-DAFF-4ED3-99B6-3914491D4F54}.Release|x64.ActiveCfg = Release|Any CPU
		{B390568E-DAFF-4ED3-99B6-3914491D4F54}.Release|x64.Build.0 = Release|Any CPU
		{061DB3B8-47DC-4F5E-9B0C-5370D13A3362}.Debug|Any CPU.ActiveCfg = Debug|Any CPU
		{061DB3B8-47DC-4F5E-9B0C-5370D13A3362}.Debug|Any CPU.Build.0 = Debug|Any CPU
		{061DB3B8-47DC-4F5E-9B0C-5370D13A3362}.Debug|x64.ActiveCfg = Debug|Any CPU
		{061DB3B8-47DC-4F5E-9B0C-5370D13A3362}.Debug|x64.Build.0 = Debug|Any CPU
		{061DB3B8-47DC-4F5E-9B0C-5370D13A3362}.Release|Any CPU.ActiveCfg = Release|Any CPU
		{061DB3B8-47DC-4F5E-9B0C-5370D13A3362}.Release|Any CPU.Build.0 = Release|Any CPU
		{061DB3B8-47DC-4F5E-9B0C-5370D13A3362}.Release|x64.ActiveCfg = Release|Any CPU
		{061DB3B8-47DC-4F5E-9B0C-5370D13A3362}.Release|x64.Build.0 = Release|Any CPU
		{B6569426-98BA-4BC0-8CD3-737E8316486F}.Debug|Any CPU.ActiveCfg = Debug|Any CPU
		{B6569426-98BA-4BC0-8CD3-737E8316486F}.Debug|Any CPU.Build.0 = Debug|Any CPU
		{B6569426-98BA-4BC0-8CD3-737E8316486F}.Debug|x64.ActiveCfg = Debug|Any CPU
		{B6569426-98BA-4BC0-8CD3-737E8316486F}.Debug|x64.Build.0 = Debug|Any CPU
		{B6569426-98BA-4BC0-8CD3-737E8316486F}.Release|Any CPU.ActiveCfg = Release|Any CPU
		{B6569426-98BA-4BC0-8CD3-737E8316486F}.Release|Any CPU.Build.0 = Release|Any CPU
		{B6569426-98BA-4BC0-8CD3-737E8316486F}.Release|x64.ActiveCfg = Release|Any CPU
		{B6569426-98BA-4BC0-8CD3-737E8316486F}.Release|x64.Build.0 = Release|Any CPU
		{414365CA-E6B7-42C0-8B5B-1ED0CA0A7104}.Debug|Any CPU.ActiveCfg = Debug|Any CPU
		{414365CA-E6B7-42C0-8B5B-1ED0CA0A7104}.Debug|Any CPU.Build.0 = Debug|Any CPU
		{414365CA-E6B7-42C0-8B5B-1ED0CA0A7104}.Debug|x64.ActiveCfg = Debug|Any CPU
		{414365CA-E6B7-42C0-8B5B-1ED0CA0A7104}.Debug|x64.Build.0 = Debug|Any CPU
		{414365CA-E6B7-42C0-8B5B-1ED0CA0A7104}.Release|Any CPU.ActiveCfg = Release|Any CPU
		{414365CA-E6B7-42C0-8B5B-1ED0CA0A7104}.Release|Any CPU.Build.0 = Release|Any CPU
		{414365CA-E6B7-42C0-8B5B-1ED0CA0A7104}.Release|x64.ActiveCfg = Release|Any CPU
		{414365CA-E6B7-42C0-8B5B-1ED0CA0A7104}.Release|x64.Build.0 = Release|Any CPU
		{F3DE46FC-6184-42CA-9C84-DA08ED4FFB4C}.Debug|Any CPU.ActiveCfg = Debug|Any CPU
		{F3DE46FC-6184-42CA-9C84-DA08ED4FFB4C}.Debug|Any CPU.Build.0 = Debug|Any CPU
		{F3DE46FC-6184-42CA-9C84-DA08ED4FFB4C}.Debug|x64.ActiveCfg = Debug|Any CPU
		{F3DE46FC-6184-42CA-9C84-DA08ED4FFB4C}.Debug|x64.Build.0 = Debug|Any CPU
		{F3DE46FC-6184-42CA-9C84-DA08ED4FFB4C}.Release|Any CPU.ActiveCfg = Release|Any CPU
		{F3DE46FC-6184-42CA-9C84-DA08ED4FFB4C}.Release|Any CPU.Build.0 = Release|Any CPU
		{F3DE46FC-6184-42CA-9C84-DA08ED4FFB4C}.Release|x64.ActiveCfg = Release|Any CPU
		{F3DE46FC-6184-42CA-9C84-DA08ED4FFB4C}.Release|x64.Build.0 = Release|Any CPU
		{F5E5076C-689A-4D3D-B5CB-585E7DC514BE}.Debug|Any CPU.ActiveCfg = Debug|Any CPU
		{F5E5076C-689A-4D3D-B5CB-585E7DC514BE}.Debug|Any CPU.Build.0 = Debug|Any CPU
		{F5E5076C-689A-4D3D-B5CB-585E7DC514BE}.Debug|x64.ActiveCfg = Debug|Any CPU
		{F5E5076C-689A-4D3D-B5CB-585E7DC514BE}.Debug|x64.Build.0 = Debug|Any CPU
		{F5E5076C-689A-4D3D-B5CB-585E7DC514BE}.Release|Any CPU.ActiveCfg = Release|Any CPU
		{F5E5076C-689A-4D3D-B5CB-585E7DC514BE}.Release|Any CPU.Build.0 = Release|Any CPU
		{F5E5076C-689A-4D3D-B5CB-585E7DC514BE}.Release|x64.ActiveCfg = Release|Any CPU
		{F5E5076C-689A-4D3D-B5CB-585E7DC514BE}.Release|x64.Build.0 = Release|Any CPU
		{A17B6FE2-0A12-46C9-B9DB-866D68557D8D}.Debug|Any CPU.ActiveCfg = Debug|Any CPU
		{A17B6FE2-0A12-46C9-B9DB-866D68557D8D}.Debug|Any CPU.Build.0 = Debug|Any CPU
		{A17B6FE2-0A12-46C9-B9DB-866D68557D8D}.Debug|x64.ActiveCfg = Debug|Any CPU
		{A17B6FE2-0A12-46C9-B9DB-866D68557D8D}.Debug|x64.Build.0 = Debug|Any CPU
		{A17B6FE2-0A12-46C9-B9DB-866D68557D8D}.Release|Any CPU.ActiveCfg = Release|Any CPU
		{A17B6FE2-0A12-46C9-B9DB-866D68557D8D}.Release|Any CPU.Build.0 = Release|Any CPU
		{A17B6FE2-0A12-46C9-B9DB-866D68557D8D}.Release|x64.ActiveCfg = Release|Any CPU
		{A17B6FE2-0A12-46C9-B9DB-866D68557D8D}.Release|x64.Build.0 = Release|Any CPU
		{23551CD8-7554-4F2C-9B42-A67B9E0C261D}.Debug|Any CPU.ActiveCfg = Debug|Any CPU
		{23551CD8-7554-4F2C-9B42-A67B9E0C261D}.Debug|Any CPU.Build.0 = Debug|Any CPU
		{23551CD8-7554-4F2C-9B42-A67B9E0C261D}.Debug|x64.ActiveCfg = Debug|Any CPU
		{23551CD8-7554-4F2C-9B42-A67B9E0C261D}.Debug|x64.Build.0 = Debug|Any CPU
		{23551CD8-7554-4F2C-9B42-A67B9E0C261D}.Release|Any CPU.ActiveCfg = Release|Any CPU
		{23551CD8-7554-4F2C-9B42-A67B9E0C261D}.Release|Any CPU.Build.0 = Release|Any CPU
		{23551CD8-7554-4F2C-9B42-A67B9E0C261D}.Release|x64.ActiveCfg = Release|Any CPU
		{23551CD8-7554-4F2C-9B42-A67B9E0C261D}.Release|x64.Build.0 = Release|Any CPU
		{686FEF2B-2B88-49CA-868A-C9FE55D6EDCD}.Debug|Any CPU.ActiveCfg = Debug|Any CPU
		{686FEF2B-2B88-49CA-868A-C9FE55D6EDCD}.Debug|Any CPU.Build.0 = Debug|Any CPU
		{686FEF2B-2B88-49CA-868A-C9FE55D6EDCD}.Debug|x64.ActiveCfg = Debug|Any CPU
		{686FEF2B-2B88-49CA-868A-C9FE55D6EDCD}.Debug|x64.Build.0 = Debug|Any CPU
		{686FEF2B-2B88-49CA-868A-C9FE55D6EDCD}.Release|Any CPU.ActiveCfg = Release|Any CPU
		{686FEF2B-2B88-49CA-868A-C9FE55D6EDCD}.Release|Any CPU.Build.0 = Release|Any CPU
		{686FEF2B-2B88-49CA-868A-C9FE55D6EDCD}.Release|x64.ActiveCfg = Release|Any CPU
		{686FEF2B-2B88-49CA-868A-C9FE55D6EDCD}.Release|x64.Build.0 = Release|Any CPU
		{BD81705A-7BA9-4016-A976-716905AC9B3B}.Debug|Any CPU.ActiveCfg = Debug|Any CPU
		{BD81705A-7BA9-4016-A976-716905AC9B3B}.Debug|Any CPU.Build.0 = Debug|Any CPU
		{BD81705A-7BA9-4016-A976-716905AC9B3B}.Debug|x64.ActiveCfg = Debug|Any CPU
		{BD81705A-7BA9-4016-A976-716905AC9B3B}.Debug|x64.Build.0 = Debug|Any CPU
		{BD81705A-7BA9-4016-A976-716905AC9B3B}.Release|Any CPU.ActiveCfg = Release|Any CPU
		{BD81705A-7BA9-4016-A976-716905AC9B3B}.Release|Any CPU.Build.0 = Release|Any CPU
		{BD81705A-7BA9-4016-A976-716905AC9B3B}.Release|x64.ActiveCfg = Release|Any CPU
		{BD81705A-7BA9-4016-A976-716905AC9B3B}.Release|x64.Build.0 = Release|Any CPU
	EndGlobalSection
	GlobalSection(SolutionProperties) = preSolution
		HideSolutionNode = FALSE
	EndGlobalSection
	GlobalSection(NestedProjects) = preSolution
		{FCAA3F86-D2C1-43B7-A048-5FE388E4AAA0} = {0CA32AC5-24E0-4D96-9D31-AA51556A64D5}
		{62B63149-AB8F-49AC-9764-168407963192} = {0CA32AC5-24E0-4D96-9D31-AA51556A64D5}
		{F63F1E0D-03B8-447A-910B-D7990D2E480A} = {0CA32AC5-24E0-4D96-9D31-AA51556A64D5}
		{2E8678D2-8E3F-4418-A6C2-ECC241B41F60} = {0CA32AC5-24E0-4D96-9D31-AA51556A64D5}
		{21918F17-1310-4276-BEF5-64243F9E0C31} = {0CA32AC5-24E0-4D96-9D31-AA51556A64D5}
		{8B80DADD-5311-4CA0-9274-9F044A38185E} = {0CA32AC5-24E0-4D96-9D31-AA51556A64D5}
		{07A36781-D09B-4CF9-8D0B-80BB929FE535} = {213651BD-07BA-4A57-B1BE-CF4A649BA069}
		{B390568E-DAFF-4ED3-99B6-3914491D4F54} = {0CA32AC5-24E0-4D96-9D31-AA51556A64D5}
		{061DB3B8-47DC-4F5E-9B0C-5370D13A3362} = {0CA32AC5-24E0-4D96-9D31-AA51556A64D5}
		{B6569426-98BA-4BC0-8CD3-737E8316486F} = {0CA32AC5-24E0-4D96-9D31-AA51556A64D5}
		{414365CA-E6B7-42C0-8B5B-1ED0CA0A7104} = {FCAA3F86-D2C1-43B7-A048-5FE388E4AAA0}
		{F3DE46FC-6184-42CA-9C84-DA08ED4FFB4C} = {FCAA3F86-D2C1-43B7-A048-5FE388E4AAA0}
		{F5E5076C-689A-4D3D-B5CB-585E7DC514BE} = {FCAA3F86-D2C1-43B7-A048-5FE388E4AAA0}
		{A17B6FE2-0A12-46C9-B9DB-866D68557D8D} = {FCAA3F86-D2C1-43B7-A048-5FE388E4AAA0}
		{618F674D-0645-45FC-B342-2155D3193DA9} = {33306D87-2926-4AC3-A798-9A76A0D57AE1}
		{686FEF2B-2B88-49CA-868A-C9FE55D6EDCD} = {618F674D-0645-45FC-B342-2155D3193DA9}
	EndGlobalSection
	GlobalSection(ExtensibilityGlobals) = postSolution
		SolutionGuid = {4E9E6D1E-3C3C-41C9-AED4-9B6DC9118F1F}
	EndGlobalSection
EndGlobal
