
Microsoft Visual Studio Solution File, Format Version 12.00
# Visual Studio 15
VisualStudioVersion = 15.0.27703.2035
MinimumVisualStudioVersion = 10.0.40219.1
Project("{FAE04EC0-301F-11D3-BF4B-00C04F79EFBC}") = "SFA.DAS.Payments.Core", "SFA.DAS.Payments.Core\SFA.DAS.Payments.Core.csproj", "{F6E38368-C397-488B-B041-D3E8423C1CE1}"
EndProject
Project("{FAE04EC0-301F-11D3-BF4B-00C04F79EFBC}") = "SFA.DAS.Payments.PaymentsDue.Domain", "SFA.DAS.Payments.PaymentsDue.Domain\SFA.DAS.Payments.PaymentsDue.Domain.csproj", "{47094600-64A4-4A57-9881-25A10C3C24CB}"
EndProject
Project("{2150E333-8FDC-42A3-9474-1A3956D46DE8}") = "PaymentsDue", "PaymentsDue", "{53123CE2-7210-41DA-BD0E-B8CCEE5DE51B}"
EndProject
Project("{FAE04EC0-301F-11D3-BF4B-00C04F79EFBC}") = "SFA.DAS.Payments.PaymentsDue.Application", "SFA.DAS.Payments.PaymentsDue.Application\SFA.DAS.Payments.PaymentsDue.Application.csproj", "{629A2721-1CCB-4698-8246-D64A54337311}"
EndProject
Project("{FAE04EC0-301F-11D3-BF4B-00C04F79EFBC}") = "SFA.DAS.Payments.PaymentsDue.UnitTests", "SFA.DAS.Payments.PaymentsDue.UnitTests\SFA.DAS.Payments.PaymentsDue.UnitTests.csproj", "{F3803813-BA30-428B-8142-C4957762039A}"
EndProject
Project("{FAE04EC0-301F-11D3-BF4B-00C04F79EFBC}") = "SFA.DAS.Payments.PaymentsDue.AcceptanceTests", "SFA.DAS.Payments.PaymentsDue.AcceptanceTests\SFA.DAS.Payments.PaymentsDue.AcceptanceTests.csproj", "{88AE759B-FD85-4A9C-BB2A-47A8F890EF67}"
EndProject
Project("{2150E333-8FDC-42A3-9474-1A3956D46DE8}") = "Tests", "Tests", "{8EB45228-84ED-4278-887C-0D5B3413C595}"
EndProject
Project("{FAE04EC0-301F-11D3-BF4B-00C04F79EFBC}") = "SFA.DAS.Payments.PaymentsDue.Messages", "SFA.DAS.Payments.PaymentsDue.Messages\SFA.DAS.Payments.PaymentsDue.Messages.csproj", "{29942244-07B8-48F3-8FD2-3A337217D5F9}"
EndProject
Project("{FAE04EC0-301F-11D3-BF4B-00C04F79EFBC}") = "SFA.DAS.Payments.Messages.Core", "SFA.DAS.Payments.Messages.Core\SFA.DAS.Payments.Messages.Core.csproj", "{678E5D09-C96D-49CC-811F-78DDCB37A474}"
EndProject
Project("{2150E333-8FDC-42A3-9474-1A3956D46DE8}") = "RequiredPayments", "RequiredPayments", "{0CA32AC5-24E0-4D96-9D31-AA51556A64D5}"
EndProject
Project("{2150E333-8FDC-42A3-9474-1A3956D46DE8}") = "Tests", "Tests", "{FCAA3F86-D2C1-43B7-A048-5FE388E4AAA0}"
EndProject
Project("{FAE04EC0-301F-11D3-BF4B-00C04F79EFBC}") = "SFA.DAS.Payments.RequiredPayments.AcceptanceTests", "SFA.DAS.Payments.RequiredPayments.AcceptanceTests\SFA.DAS.Payments.RequiredPayments.AcceptanceTests.csproj", "{48A0D81E-AC99-4C0B-A576-42ADBC99C66F}"
EndProject
Project("{FAE04EC0-301F-11D3-BF4B-00C04F79EFBC}") = "SFA.DAS.Payments.RequiredPayments.UnitTests", "SFA.DAS.Payments.RequiredPayments.UnitTests\SFA.DAS.Payments.RequiredPayments.UnitTests.csproj", "{FE2FC2F5-CF16-41B2-99B6-078B6446CCC1}"
EndProject
Project("{FAE04EC0-301F-11D3-BF4B-00C04F79EFBC}") = "SFA.DAS.Payments.RequiredPayments.Application", "SFA.DAS.Payments.RequiredPayments.Application\SFA.DAS.Payments.RequiredPayments.Application.csproj", "{62B63149-AB8F-49AC-9764-168407963192}"
EndProject
Project("{FAE04EC0-301F-11D3-BF4B-00C04F79EFBC}") = "SFA.DAS.Payments.RequiredPayments.Domain", "SFA.DAS.Payments.RequiredPayments.Domain\SFA.DAS.Payments.RequiredPayments.Domain.csproj", "{F63F1E0D-03B8-447A-910B-D7990D2E480A}"
EndProject
Project("{FAE04EC0-301F-11D3-BF4B-00C04F79EFBC}") = "SFA.DAS.Payments.RequiredPayments.Model", "SFA.DAS.Payments.RequiredPayments.Model\SFA.DAS.Payments.RequiredPayments.Model.csproj", "{2E8678D2-8E3F-4418-A6C2-ECC241B41F60}"
EndProject
Project("{FAE04EC0-301F-11D3-BF4B-00C04F79EFBC}") = "SFA.DAS.Payments.RequiredPayments.Messages", "SFA.DAS.Payments.RequiredPayments.Messages\SFA.DAS.Payments.RequiredPayments.Messages.csproj", "{21918F17-1310-4276-BEF5-64243F9E0C31}"
EndProject
Project("{FAE04EC0-301F-11D3-BF4B-00C04F79EFBC}") = "SFA.DAS.Payments.PaymentsDue.Model", "SFA.DAS.Payments.PaymentsDue.Model\SFA.DAS.Payments.PaymentsDue.Model.csproj", "{02CA48E0-35E5-4950-879F-EED3F3B9E0D5}"
EndProject
Project("{2150E333-8FDC-42A3-9474-1A3956D46DE8}") = "DataLocks", "DataLocks", "{45300BA0-FCE3-41CA-8BC0-FDBFF89352F3}"
EndProject
Project("{2150E333-8FDC-42A3-9474-1A3956D46DE8}") = "EarningEvents", "EarningEvents", "{213651BD-07BA-4A57-B1BE-CF4A649BA069}"
EndProject
Global
	GlobalSection(SolutionConfigurationPlatforms) = preSolution
		Debug|Any CPU = Debug|Any CPU
		Release|Any CPU = Release|Any CPU
	EndGlobalSection
	GlobalSection(ProjectConfigurationPlatforms) = postSolution
		{F6E38368-C397-488B-B041-D3E8423C1CE1}.Debug|Any CPU.ActiveCfg = Debug|Any CPU
		{F6E38368-C397-488B-B041-D3E8423C1CE1}.Debug|Any CPU.Build.0 = Debug|Any CPU
		{F6E38368-C397-488B-B041-D3E8423C1CE1}.Release|Any CPU.ActiveCfg = Release|Any CPU
		{F6E38368-C397-488B-B041-D3E8423C1CE1}.Release|Any CPU.Build.0 = Release|Any CPU
		{47094600-64A4-4A57-9881-25A10C3C24CB}.Debug|Any CPU.ActiveCfg = Debug|Any CPU
		{47094600-64A4-4A57-9881-25A10C3C24CB}.Debug|Any CPU.Build.0 = Debug|Any CPU
		{47094600-64A4-4A57-9881-25A10C3C24CB}.Release|Any CPU.ActiveCfg = Release|Any CPU
		{47094600-64A4-4A57-9881-25A10C3C24CB}.Release|Any CPU.Build.0 = Release|Any CPU
		{629A2721-1CCB-4698-8246-D64A54337311}.Debug|Any CPU.ActiveCfg = Debug|Any CPU
		{629A2721-1CCB-4698-8246-D64A54337311}.Debug|Any CPU.Build.0 = Debug|Any CPU
		{629A2721-1CCB-4698-8246-D64A54337311}.Release|Any CPU.ActiveCfg = Release|Any CPU
		{629A2721-1CCB-4698-8246-D64A54337311}.Release|Any CPU.Build.0 = Release|Any CPU
		{F3803813-BA30-428B-8142-C4957762039A}.Debug|Any CPU.ActiveCfg = Debug|Any CPU
		{F3803813-BA30-428B-8142-C4957762039A}.Debug|Any CPU.Build.0 = Debug|Any CPU
		{F3803813-BA30-428B-8142-C4957762039A}.Release|Any CPU.ActiveCfg = Release|Any CPU
		{F3803813-BA30-428B-8142-C4957762039A}.Release|Any CPU.Build.0 = Release|Any CPU
		{88AE759B-FD85-4A9C-BB2A-47A8F890EF67}.Debug|Any CPU.ActiveCfg = Debug|Any CPU
		{88AE759B-FD85-4A9C-BB2A-47A8F890EF67}.Debug|Any CPU.Build.0 = Debug|Any CPU
		{88AE759B-FD85-4A9C-BB2A-47A8F890EF67}.Release|Any CPU.ActiveCfg = Release|Any CPU
		{88AE759B-FD85-4A9C-BB2A-47A8F890EF67}.Release|Any CPU.Build.0 = Release|Any CPU
		{29942244-07B8-48F3-8FD2-3A337217D5F9}.Debug|Any CPU.ActiveCfg = Debug|Any CPU
		{29942244-07B8-48F3-8FD2-3A337217D5F9}.Debug|Any CPU.Build.0 = Debug|Any CPU
		{29942244-07B8-48F3-8FD2-3A337217D5F9}.Release|Any CPU.ActiveCfg = Release|Any CPU
		{29942244-07B8-48F3-8FD2-3A337217D5F9}.Release|Any CPU.Build.0 = Release|Any CPU
		{678E5D09-C96D-49CC-811F-78DDCB37A474}.Debug|Any CPU.ActiveCfg = Debug|Any CPU
		{678E5D09-C96D-49CC-811F-78DDCB37A474}.Debug|Any CPU.Build.0 = Debug|Any CPU
		{678E5D09-C96D-49CC-811F-78DDCB37A474}.Release|Any CPU.ActiveCfg = Release|Any CPU
		{678E5D09-C96D-49CC-811F-78DDCB37A474}.Release|Any CPU.Build.0 = Release|Any CPU
		{48A0D81E-AC99-4C0B-A576-42ADBC99C66F}.Debug|Any CPU.ActiveCfg = Debug|Any CPU
		{48A0D81E-AC99-4C0B-A576-42ADBC99C66F}.Debug|Any CPU.Build.0 = Debug|Any CPU
		{48A0D81E-AC99-4C0B-A576-42ADBC99C66F}.Release|Any CPU.ActiveCfg = Release|Any CPU
		{48A0D81E-AC99-4C0B-A576-42ADBC99C66F}.Release|Any CPU.Build.0 = Release|Any CPU
		{FE2FC2F5-CF16-41B2-99B6-078B6446CCC1}.Debug|Any CPU.ActiveCfg = Debug|Any CPU
		{FE2FC2F5-CF16-41B2-99B6-078B6446CCC1}.Debug|Any CPU.Build.0 = Debug|Any CPU
		{FE2FC2F5-CF16-41B2-99B6-078B6446CCC1}.Release|Any CPU.ActiveCfg = Release|Any CPU
		{FE2FC2F5-CF16-41B2-99B6-078B6446CCC1}.Release|Any CPU.Build.0 = Release|Any CPU
		{62B63149-AB8F-49AC-9764-168407963192}.Debug|Any CPU.ActiveCfg = Debug|Any CPU
		{62B63149-AB8F-49AC-9764-168407963192}.Debug|Any CPU.Build.0 = Debug|Any CPU
		{62B63149-AB8F-49AC-9764-168407963192}.Release|Any CPU.ActiveCfg = Release|Any CPU
		{62B63149-AB8F-49AC-9764-168407963192}.Release|Any CPU.Build.0 = Release|Any CPU
		{F63F1E0D-03B8-447A-910B-D7990D2E480A}.Debug|Any CPU.ActiveCfg = Debug|Any CPU
		{F63F1E0D-03B8-447A-910B-D7990D2E480A}.Debug|Any CPU.Build.0 = Debug|Any CPU
		{F63F1E0D-03B8-447A-910B-D7990D2E480A}.Release|Any CPU.ActiveCfg = Release|Any CPU
		{F63F1E0D-03B8-447A-910B-D7990D2E480A}.Release|Any CPU.Build.0 = Release|Any CPU
		{2E8678D2-8E3F-4418-A6C2-ECC241B41F60}.Debug|Any CPU.ActiveCfg = Debug|Any CPU
		{2E8678D2-8E3F-4418-A6C2-ECC241B41F60}.Debug|Any CPU.Build.0 = Debug|Any CPU
		{2E8678D2-8E3F-4418-A6C2-ECC241B41F60}.Release|Any CPU.ActiveCfg = Release|Any CPU
		{2E8678D2-8E3F-4418-A6C2-ECC241B41F60}.Release|Any CPU.Build.0 = Release|Any CPU
		{21918F17-1310-4276-BEF5-64243F9E0C31}.Debug|Any CPU.ActiveCfg = Debug|Any CPU
		{21918F17-1310-4276-BEF5-64243F9E0C31}.Debug|Any CPU.Build.0 = Debug|Any CPU
		{21918F17-1310-4276-BEF5-64243F9E0C31}.Release|Any CPU.ActiveCfg = Release|Any CPU
		{21918F17-1310-4276-BEF5-64243F9E0C31}.Release|Any CPU.Build.0 = Release|Any CPU
		{02CA48E0-35E5-4950-879F-EED3F3B9E0D5}.Debug|Any CPU.ActiveCfg = Debug|Any CPU
		{02CA48E0-35E5-4950-879F-EED3F3B9E0D5}.Debug|Any CPU.Build.0 = Debug|Any CPU
		{02CA48E0-35E5-4950-879F-EED3F3B9E0D5}.Release|Any CPU.ActiveCfg = Release|Any CPU
		{02CA48E0-35E5-4950-879F-EED3F3B9E0D5}.Release|Any CPU.Build.0 = Release|Any CPU
	EndGlobalSection
	GlobalSection(SolutionProperties) = preSolution
		HideSolutionNode = FALSE
	EndGlobalSection
	GlobalSection(NestedProjects) = preSolution
		{47094600-64A4-4A57-9881-25A10C3C24CB} = {53123CE2-7210-41DA-BD0E-B8CCEE5DE51B}
		{629A2721-1CCB-4698-8246-D64A54337311} = {53123CE2-7210-41DA-BD0E-B8CCEE5DE51B}
		{F3803813-BA30-428B-8142-C4957762039A} = {8EB45228-84ED-4278-887C-0D5B3413C595}
		{88AE759B-FD85-4A9C-BB2A-47A8F890EF67} = {8EB45228-84ED-4278-887C-0D5B3413C595}
		{8EB45228-84ED-4278-887C-0D5B3413C595} = {53123CE2-7210-41DA-BD0E-B8CCEE5DE51B}
		{29942244-07B8-48F3-8FD2-3A337217D5F9} = {53123CE2-7210-41DA-BD0E-B8CCEE5DE51B}
		{FCAA3F86-D2C1-43B7-A048-5FE388E4AAA0} = {0CA32AC5-24E0-4D96-9D31-AA51556A64D5}
		{48A0D81E-AC99-4C0B-A576-42ADBC99C66F} = {FCAA3F86-D2C1-43B7-A048-5FE388E4AAA0}
		{FE2FC2F5-CF16-41B2-99B6-078B6446CCC1} = {FCAA3F86-D2C1-43B7-A048-5FE388E4AAA0}
		{62B63149-AB8F-49AC-9764-168407963192} = {0CA32AC5-24E0-4D96-9D31-AA51556A64D5}
		{F63F1E0D-03B8-447A-910B-D7990D2E480A} = {0CA32AC5-24E0-4D96-9D31-AA51556A64D5}
		{2E8678D2-8E3F-4418-A6C2-ECC241B41F60} = {0CA32AC5-24E0-4D96-9D31-AA51556A64D5}
		{21918F17-1310-4276-BEF5-64243F9E0C31} = {0CA32AC5-24E0-4D96-9D31-AA51556A64D5}
		{02CA48E0-35E5-4950-879F-EED3F3B9E0D5} = {53123CE2-7210-41DA-BD0E-B8CCEE5DE51B}
	EndGlobalSection
	GlobalSection(ExtensibilityGlobals) = postSolution
		SolutionGuid = {4E9E6D1E-3C3C-41C9-AED4-9B6DC9118F1F}
	EndGlobalSection
EndGlobal
